// !$*UTF8*$!
{
	archiveVersion = 1;
	classes = {
	};
	objectVersion = 51;
	objects = {

/* Begin PBXBuildFile section */
		2A088084B164C6AC5231F53A /* Pods_parts_management_iOS.framework in Frameworks */ = {isa = PBXBuildFile; fileRef = 792D3D078A16D9651F97297F /* Pods_parts_management_iOS.framework */; };
		BC051E1B23B321A300BD05C5 /* Progress.h in Sources */ = {isa = PBXBuildFile; fileRef = BC051E1A23B321A300BD05C5 /* Progress.h */; };
		BC051E2023B3297100BD05C5 /* Progress.c in Sources */ = {isa = PBXBuildFile; fileRef = BC051E1F23B3297100BD05C5 /* Progress.c */; };
		BC0811FA23AB3A01008B3D47 /* NSString+Empty.m in Sources */ = {isa = PBXBuildFile; fileRef = BC0811F923AB3A01008B3D47 /* NSString+Empty.m */; };
		BC10F45C23B68B0F00E0AF09 /* SignInViewController.m in Sources */ = {isa = PBXBuildFile; fileRef = BC10F45B23B68B0F00E0AF09 /* SignInViewController.m */; };
		BC10F46023B6973700E0AF09 /* AuthenticationController.m in Sources */ = {isa = PBXBuildFile; fileRef = BC10F45F23B6973700E0AF09 /* AuthenticationController.m */; };
		BC10F46423B69CA300E0AF09 /* UserRepository.m in Sources */ = {isa = PBXBuildFile; fileRef = BC10F46323B69CA300E0AF09 /* UserRepository.m */; };
		BC10F46F23B6ADF800E0AF09 /* SessionPreparationViewController.m in Sources */ = {isa = PBXBuildFile; fileRef = BC10F46E23B6ADF800E0AF09 /* SessionPreparationViewController.m */; };
		BC10F47323B6C79200E0AF09 /* UserRole.c in Sources */ = {isa = PBXBuildFile; fileRef = BC10F47223B6C79200E0AF09 /* UserRole.c */; };
		BC10F47623B6D9B700E0AF09 /* RootNavigationController.m in Sources */ = {isa = PBXBuildFile; fileRef = BC10F47523B6D9B700E0AF09 /* RootNavigationController.m */; };
		BC1365D12479849000A4934A /* SiriShorcutsController.m in Sources */ = {isa = PBXBuildFile; fileRef = BC1365D02479848F00A4934A /* SiriShorcutsController.m */; };
		BC1365D42479BB3400A4934A /* RegistrationTokenRepository.m in Sources */ = {isa = PBXBuildFile; fileRef = BC1365D32479BB3400A4934A /* RegistrationTokenRepository.m */; };
		BC164FE22352781800C02514 /* AppDelegate.m in Sources */ = {isa = PBXBuildFile; fileRef = BC164FE12352781800C02514 /* AppDelegate.m */; };
		BC164FE52352781800C02514 /* SceneDelegate.m in Sources */ = {isa = PBXBuildFile; fileRef = BC164FE42352781800C02514 /* SceneDelegate.m */; };
		BC164FE82352781800C02514 /* ProjectListViewController.m in Sources */ = {isa = PBXBuildFile; fileRef = BC164FE72352781800C02514 /* ProjectListViewController.m */; };
		BC164FEB2352781800C02514 /* Main.storyboard in Resources */ = {isa = PBXBuildFile; fileRef = BC164FE92352781800C02514 /* Main.storyboard */; };
		BC164FED2352781900C02514 /* Assets.xcassets in Resources */ = {isa = PBXBuildFile; fileRef = BC164FEC2352781900C02514 /* Assets.xcassets */; };
		BC164FF02352781900C02514 /* LaunchScreen.storyboard in Resources */ = {isa = PBXBuildFile; fileRef = BC164FEE2352781900C02514 /* LaunchScreen.storyboard */; };
		BC164FF32352781900C02514 /* main.m in Sources */ = {isa = PBXBuildFile; fileRef = BC164FF22352781900C02514 /* main.m */; };
		BC1D4D2223B6794600849E9F /* TKRoundedView.m in Sources */ = {isa = PBXBuildFile; fileRef = BC1D4D2123B6794600849E9F /* TKRoundedView.m */; };
		BC1D4D2523B67AAB00849E9F /* TKRoundedButton.m in Sources */ = {isa = PBXBuildFile; fileRef = BC1D4D2423B67AAB00849E9F /* TKRoundedButton.m */; };
		BC1D4D2723B67B7500849E9F /* Authentication.storyboard in Resources */ = {isa = PBXBuildFile; fileRef = BC1D4D2623B67B7500849E9F /* Authentication.storyboard */; };
		BC1E948F235905A800E6C329 /* MessageView.m in Sources */ = {isa = PBXBuildFile; fileRef = BC1E948E235905A800E6C329 /* MessageView.m */; };
		BC25F75623AEA13600770E16 /* CADFileRepository.m in Sources */ = {isa = PBXBuildFile; fileRef = BC25F75523AEA13600770E16 /* CADFileRepository.m */; };
		BC25F75A23AEBA3F00770E16 /* UIViewController+PresentErrorAlertController.m in Sources */ = {isa = PBXBuildFile; fileRef = BC25F75923AEBA3F00770E16 /* UIViewController+PresentErrorAlertController.m */; };
		BC25F75D23AEFAB300770E16 /* DesignViewerViewController.m in Sources */ = {isa = PBXBuildFile; fileRef = BC25F75C23AEFAB300770E16 /* DesignViewerViewController.m */; };
		BC25F75F23AEFB9800770E16 /* art.scnassets in Resources */ = {isa = PBXBuildFile; fileRef = BC25F75E23AEFB9700770E16 /* art.scnassets */; };
		BC25F76123AEFBD100770E16 /* SceneKit.framework in Frameworks */ = {isa = PBXBuildFile; fileRef = BC25F76023AEFBD100770E16 /* SceneKit.framework */; };
		BC287EE6235CA35C00B57477 /* ProjectRepository.m in Sources */ = {isa = PBXBuildFile; fileRef = BC287EE5235CA35C00B57477 /* ProjectRepository.m */; };
		BC28F6D5241D7AD200636F97 /* SettingsTableViewController.m in Sources */ = {isa = PBXBuildFile; fileRef = BC28F6D4241D7AD200636F97 /* SettingsTableViewController.m */; };
		BC28F6D7241D7AE300636F97 /* Setting.storyboard in Resources */ = {isa = PBXBuildFile; fileRef = BC28F6D6241D7AE300636F97 /* Setting.storyboard */; };
		BC28F6DB241D7D5700636F97 /* BottomNavigationViewController.m in Sources */ = {isa = PBXBuildFile; fileRef = BC28F6DA241D7D5700636F97 /* BottomNavigationViewController.m */; };
		BC28F6DE241D84F600636F97 /* TKImageView.m in Sources */ = {isa = PBXBuildFile; fileRef = BC28F6DD241D84F600636F97 /* TKImageView.m */; };
		BC28F6E2241DC96D00636F97 /* SessionController.m in Sources */ = {isa = PBXBuildFile; fileRef = BC28F6E1241DC96D00636F97 /* SessionController.m */; };
		BC28F6E9241DEF4100636F97 /* TKViewControllerFactoryImpl.m in Sources */ = {isa = PBXBuildFile; fileRef = BC28F6E8241DEF4100636F97 /* TKViewControllerFactoryImpl.m */; };
		BC28F6EE241DF3A900636F97 /* AppDependencyContainer.m in Sources */ = {isa = PBXBuildFile; fileRef = BC28F6ED241DF3A900636F97 /* AppDependencyContainer.m */; };
		BC2DD177247F5427006A7B47 /* StartupController.m in Sources */ = {isa = PBXBuildFile; fileRef = BC2DD176247F5427006A7B47 /* StartupController.m */; };
		BC410CC62478FBC8003F7EC0 /* NotificationsController.m in Sources */ = {isa = PBXBuildFile; fileRef = BC410CC52478FBC8003F7EC0 /* NotificationsController.m */; };
		BC4D371E24D719D200D57662 /* GoogleService-Info.plist in Resources */ = {isa = PBXBuildFile; fileRef = BC4D371D24D719D200D57662 /* GoogleService-Info.plist */; };
		BC4E674723AF155B007E284A /* FileSize.m in Sources */ = {isa = PBXBuildFile; fileRef = BC4E674623AF155B007E284A /* FileSize.m */; };
		BC4E674B23AF1A33007E284A /* Reachability.m in Sources */ = {isa = PBXBuildFile; fileRef = BC4E674A23AF1A33007E284A /* Reachability.m */; };
		BC4E675423AF4408007E284A /* Pluralization.stringsdict in Resources */ = {isa = PBXBuildFile; fileRef = BC4E675323AF4408007E284A /* Pluralization.stringsdict */; };
		BC5E8EAA23B407810043A0E7 /* AssemblyDetail.storyboard in Resources */ = {isa = PBXBuildFile; fileRef = BC5E8EA923B407810043A0E7 /* AssemblyDetail.storyboard */; };
		BC5E8EAD23B40AA10043A0E7 /* AssemblyDetailViewController.m in Sources */ = {isa = PBXBuildFile; fileRef = BC5E8EAC23B40AA10043A0E7 /* AssemblyDetailViewController.m */; };
		BC5E8EB023B447640043A0E7 /* AssemblyInformationTableViewController.m in Sources */ = {isa = PBXBuildFile; fileRef = BC5E8EAF23B447640043A0E7 /* AssemblyInformationTableViewController.m */; };
		BC676474235D056B00500BF6 /* CreateProjectTableViewController.m in Sources */ = {isa = PBXBuildFile; fileRef = BC676473235D056B00500BF6 /* CreateProjectTableViewController.m */; };
		BC67647A235D349B00500BF6 /* UITableView+BackgroundView.m in Sources */ = {isa = PBXBuildFile; fileRef = BC676479235D349B00500BF6 /* UITableView+BackgroundView.m */; };
		BC6905B223AC82950010CFCC /* Colors.xcassets in Resources */ = {isa = PBXBuildFile; fileRef = BC6905B123AC82950010CFCC /* Colors.xcassets */; };
		BC6AA8B124AD3011005B966A /* SignUpProcessCompletionViewController.m in Sources */ = {isa = PBXBuildFile; fileRef = BC6AA8B024AD3011005B966A /* SignUpProcessCompletionViewController.m */; };
		BC72370723B85BBD0055A6CE /* ForgotPasswordViewController.m in Sources */ = {isa = PBXBuildFile; fileRef = BC72370623B85BBD0055A6CE /* ForgotPasswordViewController.m */; };
		BC766E39235CB9DD002FEDA0 /* ProjectDetail.storyboard in Resources */ = {isa = PBXBuildFile; fileRef = BC766E38235CB9DD002FEDA0 /* ProjectDetail.storyboard */; };
		BC766E3C235CBC86002FEDA0 /* ProjectInformationTableViewController.m in Sources */ = {isa = PBXBuildFile; fileRef = BC766E3B235CBC86002FEDA0 /* ProjectInformationTableViewController.m */; };
		BC766E41235CED3A002FEDA0 /* User.m in Sources */ = {isa = PBXBuildFile; fileRef = BC766E40235CED3A002FEDA0 /* User.m */; };
		BC766E43235D025A002FEDA0 /* Project.storyboard in Resources */ = {isa = PBXBuildFile; fileRef = BC766E42235D025A002FEDA0 /* Project.storyboard */; };
		BC78C18124732E98006440CA /* InfoPlist.strings in Resources */ = {isa = PBXBuildFile; fileRef = BC78C18024732E98006440CA /* InfoPlist.strings */; };
		BC78C1AA24733859006440CA /* Intents.intentdefinition in Sources */ = {isa = PBXBuildFile; fileRef = BC78C1A924733859006440CA /* Intents.intentdefinition */; };
		BC78C1B424733BFF006440CA /* IntentHandler.m in Sources */ = {isa = PBXBuildFile; fileRef = BC78C1B324733BFF006440CA /* IntentHandler.m */; };
		BC78C1B824733BFF006440CA /* parts-management-intents.appex in Embed App Extensions */ = {isa = PBXBuildFile; fileRef = BC78C1B024733BFF006440CA /* parts-management-intents.appex */; settings = {ATTRIBUTES = (RemoveHeadersOnCopy, ); }; };
		BC78C1BD24733D6A006440CA /* Intents.intentdefinition in Sources */ = {isa = PBXBuildFile; fileRef = BC78C1A924733859006440CA /* Intents.intentdefinition */; };
		BC78C1C52473461E006440CA /* NSUserActivity+ViewWorkInProgress.m in Sources */ = {isa = PBXBuildFile; fileRef = BC78C1C42473461E006440CA /* NSUserActivity+ViewWorkInProgress.m */; };
		BC78C1CB247351A1006440CA /* ViewWorkInProgresIntentHandler.m in Sources */ = {isa = PBXBuildFile; fileRef = BC78C1CA247351A1006440CA /* ViewWorkInProgresIntentHandler.m */; };
		BC9D4FFF23574D90000EF6DE /* MessageView.xib in Resources */ = {isa = PBXBuildFile; fileRef = BC9D4FFE23574D90000EF6DE /* MessageView.xib */; };
		BCB936DE243904DC00C84EBB /* ImageCacheController.m in Sources */ = {isa = PBXBuildFile; fileRef = BCB936DD243904DC00C84EBB /* ImageCacheController.m */; };
		BCC0EC0B2354C6D500F5C0B9 /* Localizable.strings in Resources */ = {isa = PBXBuildFile; fileRef = BCC0EC0A2354C6D500F5C0B9 /* Localizable.strings */; };
		BCC0EC112354C8B600F5C0B9 /* Project.m in Sources */ = {isa = PBXBuildFile; fileRef = BCC0EC102354C8B600F5C0B9 /* Project.m */; };
		BCC0EC162354C93A00F5C0B9 /* ProjectTableViewCell.m in Sources */ = {isa = PBXBuildFile; fileRef = BCC0EC152354C93A00F5C0B9 /* ProjectTableViewCell.m */; };
		BCC0EC1A2354CD3300F5C0B9 /* ProjectDataSource.m in Sources */ = {isa = PBXBuildFile; fileRef = BCC0EC192354CD3300F5C0B9 /* ProjectDataSource.m */; };
		BCD0099323574B49005D15CB /* ProjectDetailViewController.m in Sources */ = {isa = PBXBuildFile; fileRef = BCD0099223574B49005D15CB /* ProjectDetailViewController.m */; };
		BCE0CE6523B075C600B79DDB /* AssemblyListViewController.m in Sources */ = {isa = PBXBuildFile; fileRef = BCE0CE6423B075C600B79DDB /* AssemblyListViewController.m */; };
		BCE0CE6823B076AB00B79DDB /* AssemblyDataSource.m in Sources */ = {isa = PBXBuildFile; fileRef = BCE0CE6723B076AB00B79DDB /* AssemblyDataSource.m */; };
		BCE0CE6B23B0771F00B79DDB /* AssemblyTableViewCell.m in Sources */ = {isa = PBXBuildFile; fileRef = BCE0CE6A23B0771F00B79DDB /* AssemblyTableViewCell.m */; };
		BCE0CE6E23B07B6900B79DDB /* Assembly.m in Sources */ = {isa = PBXBuildFile; fileRef = BCE0CE6D23B07B6900B79DDB /* Assembly.m */; };
		BCE2711C23B2E3CA0009BE53 /* CreateAssemblyTableViewController.m in Sources */ = {isa = PBXBuildFile; fileRef = BCE2711B23B2E3CA0009BE53 /* CreateAssemblyTableViewController.m */; };
		BCE2712323B30C030009BE53 /* ProgressPickerViewDataSource.m in Sources */ = {isa = PBXBuildFile; fileRef = BCE2712223B30C030009BE53 /* ProgressPickerViewDataSource.m */; };
		BCE3807124A428B900390055 /* GoogleService-Info-Debug.plist in Resources */ = {isa = PBXBuildFile; fileRef = BCE3807024A428B900390055 /* GoogleService-Info-Debug.plist */; };
		BCE3807324A42D1D00390055 /* GoogleService-Info-QualityAssurance.plist in Resources */ = {isa = PBXBuildFile; fileRef = BCE3807224A42D1D00390055 /* GoogleService-Info-QualityAssurance.plist */; };
		BCE7E8302434270F00696D18 /* ImageDownloadOperation.m in Sources */ = {isa = PBXBuildFile; fileRef = BCE7E82F2434270F00696D18 /* ImageDownloadOperation.m */; };
		BCE7E83324344F7E00696D18 /* UIImageView+ReplaceImage.m in Sources */ = {isa = PBXBuildFile; fileRef = BCE7E83224344F7E00696D18 /* UIImageView+ReplaceImage.m */; };
		BCECEFD523BA797C0005AB7E /* TKButton.m in Sources */ = {isa = PBXBuildFile; fileRef = BCECEFD423BA797C0005AB7E /* TKButton.m */; };
		BCECEFD823BAB0E80005AB7E /* SignUpViewController.m in Sources */ = {isa = PBXBuildFile; fileRef = BCECEFD723BAB0E80005AB7E /* SignUpViewController.m */; };
		BCF1EEEF23B11E1A0031186F /* AssemblyRepository.m in Sources */ = {isa = PBXBuildFile; fileRef = BCF1EEEE23B11E1A0031186F /* AssemblyRepository.m */; };
		BCF5F95D24947FBA0079CBBF /* LogController.m in Sources */ = {isa = PBXBuildFile; fileRef = BCF5F95C24947FBA0079CBBF /* LogController.m */; };
/* End PBXBuildFile section */

/* Begin PBXContainerItemProxy section */
		BC78C1B624733BFF006440CA /* PBXContainerItemProxy */ = {
			isa = PBXContainerItemProxy;
			containerPortal = BC164FD52352781800C02514 /* Project object */;
			proxyType = 1;
			remoteGlobalIDString = BC78C1AF24733BFF006440CA;
			remoteInfo = "parts-management-intents";
		};
/* End PBXContainerItemProxy section */

/* Begin PBXCopyFilesBuildPhase section */
		BC78C1BC24733BFF006440CA /* Embed App Extensions */ = {
			isa = PBXCopyFilesBuildPhase;
			buildActionMask = 2147483647;
			dstPath = "";
			dstSubfolderSpec = 13;
			files = (
				BC78C1B824733BFF006440CA /* parts-management-intents.appex in Embed App Extensions */,
			);
			name = "Embed App Extensions";
			runOnlyForDeploymentPostprocessing = 0;
		};
/* End PBXCopyFilesBuildPhase section */

/* Begin PBXFileReference section */
		591AB8CAC7EE809E00B3CA5C /* Pods-parts-management-iOS.quality assurance.xcconfig */ = {isa = PBXFileReference; includeInIndex = 1; lastKnownFileType = text.xcconfig; name = "Pods-parts-management-iOS.quality assurance.xcconfig"; path = "Target Support Files/Pods-parts-management-iOS/Pods-parts-management-iOS.quality assurance.xcconfig"; sourceTree = "<group>"; };
		613018F6F4CC1DE85E2527DF /* Pods-parts-management-iOS.release.xcconfig */ = {isa = PBXFileReference; includeInIndex = 1; lastKnownFileType = text.xcconfig; name = "Pods-parts-management-iOS.release.xcconfig"; path = "Target Support Files/Pods-parts-management-iOS/Pods-parts-management-iOS.release.xcconfig"; sourceTree = "<group>"; };
		792D3D078A16D9651F97297F /* Pods_parts_management_iOS.framework */ = {isa = PBXFileReference; explicitFileType = wrapper.framework; includeInIndex = 0; path = Pods_parts_management_iOS.framework; sourceTree = BUILT_PRODUCTS_DIR; };
		BC051E1A23B321A300BD05C5 /* Progress.h */ = {isa = PBXFileReference; lastKnownFileType = sourcecode.c.h; path = Progress.h; sourceTree = "<group>"; };
		BC051E1F23B3297100BD05C5 /* Progress.c */ = {isa = PBXFileReference; lastKnownFileType = sourcecode.c.c; path = Progress.c; sourceTree = "<group>"; };
		BC0811F823AB3A01008B3D47 /* NSString+Empty.h */ = {isa = PBXFileReference; lastKnownFileType = sourcecode.c.h; path = "NSString+Empty.h"; sourceTree = "<group>"; };
		BC0811F923AB3A01008B3D47 /* NSString+Empty.m */ = {isa = PBXFileReference; lastKnownFileType = sourcecode.c.objc; path = "NSString+Empty.m"; sourceTree = "<group>"; };
		BC0B578D24DA45B700C2E961 /* SessionEnding.h */ = {isa = PBXFileReference; lastKnownFileType = sourcecode.c.h; path = SessionEnding.h; sourceTree = "<group>"; };
		BC0B578E24DA47A500C2E961 /* SessionUserFetching.h */ = {isa = PBXFileReference; lastKnownFileType = sourcecode.c.h; path = SessionUserFetching.h; sourceTree = "<group>"; };
		BC10F45A23B68B0F00E0AF09 /* SignInViewController.h */ = {isa = PBXFileReference; lastKnownFileType = sourcecode.c.h; path = SignInViewController.h; sourceTree = "<group>"; };
		BC10F45B23B68B0F00E0AF09 /* SignInViewController.m */ = {isa = PBXFileReference; lastKnownFileType = sourcecode.c.objc; path = SignInViewController.m; sourceTree = "<group>"; };
		BC10F45E23B6973700E0AF09 /* AuthenticationController.h */ = {isa = PBXFileReference; lastKnownFileType = sourcecode.c.h; path = AuthenticationController.h; sourceTree = "<group>"; };
		BC10F45F23B6973700E0AF09 /* AuthenticationController.m */ = {isa = PBXFileReference; lastKnownFileType = sourcecode.c.objc; path = AuthenticationController.m; sourceTree = "<group>"; };
		BC10F46123B69C5D00E0AF09 /* UserAuthenticating.h */ = {isa = PBXFileReference; lastKnownFileType = sourcecode.c.h; path = UserAuthenticating.h; sourceTree = "<group>"; };
		BC10F46223B69CA300E0AF09 /* UserRepository.h */ = {isa = PBXFileReference; lastKnownFileType = sourcecode.c.h; path = UserRepository.h; sourceTree = "<group>"; };
		BC10F46323B69CA300E0AF09 /* UserRepository.m */ = {isa = PBXFileReference; lastKnownFileType = sourcecode.c.objc; path = UserRepository.m; sourceTree = "<group>"; };
		BC10F46523B69CB700E0AF09 /* FIRUserFetching.h */ = {isa = PBXFileReference; lastKnownFileType = sourcecode.c.h; path = FIRUserFetching.h; sourceTree = "<group>"; };
		BC10F46623B6A0AD00E0AF09 /* FIRUserSaving.h */ = {isa = PBXFileReference; lastKnownFileType = sourcecode.c.h; path = FIRUserSaving.h; sourceTree = "<group>"; };
		BC10F46D23B6ADF800E0AF09 /* SessionPreparationViewController.h */ = {isa = PBXFileReference; lastKnownFileType = sourcecode.c.h; path = SessionPreparationViewController.h; sourceTree = "<group>"; };
		BC10F46E23B6ADF800E0AF09 /* SessionPreparationViewController.m */ = {isa = PBXFileReference; lastKnownFileType = sourcecode.c.objc; path = SessionPreparationViewController.m; sourceTree = "<group>"; };
		BC10F47123B6C79200E0AF09 /* UserRole.h */ = {isa = PBXFileReference; lastKnownFileType = sourcecode.c.h; path = UserRole.h; sourceTree = "<group>"; };
		BC10F47223B6C79200E0AF09 /* UserRole.c */ = {isa = PBXFileReference; lastKnownFileType = sourcecode.c.c; path = UserRole.c; sourceTree = "<group>"; };
		BC10F47423B6D9B700E0AF09 /* RootNavigationController.h */ = {isa = PBXFileReference; lastKnownFileType = sourcecode.c.h; path = RootNavigationController.h; sourceTree = "<group>"; };
		BC10F47523B6D9B700E0AF09 /* RootNavigationController.m */ = {isa = PBXFileReference; lastKnownFileType = sourcecode.c.objc; path = RootNavigationController.m; sourceTree = "<group>"; };
		BC10F47723B6DB7500E0AF09 /* RootNavigating.h */ = {isa = PBXFileReference; lastKnownFileType = sourcecode.c.h; path = RootNavigating.h; sourceTree = "<group>"; };
		BC1365CF2479848F00A4934A /* SiriShorcutsController.h */ = {isa = PBXFileReference; lastKnownFileType = sourcecode.c.h; path = SiriShorcutsController.h; sourceTree = "<group>"; };
		BC1365D02479848F00A4934A /* SiriShorcutsController.m */ = {isa = PBXFileReference; lastKnownFileType = sourcecode.c.objc; path = SiriShorcutsController.m; sourceTree = "<group>"; };
		BC1365D22479BB3400A4934A /* RegistrationTokenRepository.h */ = {isa = PBXFileReference; lastKnownFileType = sourcecode.c.h; path = RegistrationTokenRepository.h; sourceTree = "<group>"; };
		BC1365D32479BB3400A4934A /* RegistrationTokenRepository.m */ = {isa = PBXFileReference; lastKnownFileType = sourcecode.c.objc; path = RegistrationTokenRepository.m; sourceTree = "<group>"; };
		BC1365D52479BBA500A4934A /* FIRRegistrationTokenSaving.h */ = {isa = PBXFileReference; lastKnownFileType = sourcecode.c.h; path = FIRRegistrationTokenSaving.h; sourceTree = "<group>"; };
		BC1365D62479C69E00A4934A /* NotificationsManaging.h */ = {isa = PBXFileReference; lastKnownFileType = sourcecode.c.h; path = NotificationsManaging.h; sourceTree = "<group>"; };
		BC1365D72479C8B600A4934A /* SiriShortcutsAuthorizationManaging.h */ = {isa = PBXFileReference; lastKnownFileType = sourcecode.c.h; path = SiriShortcutsAuthorizationManaging.h; sourceTree = "<group>"; };
		BC1365D82479C9F200A4934A /* NotificationsAuthorizationManaging.h */ = {isa = PBXFileReference; lastKnownFileType = sourcecode.c.h; path = NotificationsAuthorizationManaging.h; sourceTree = "<group>"; };
		BC164FDD2352781800C02514 /* Tech Parts Debug.app */ = {isa = PBXFileReference; explicitFileType = wrapper.application; includeInIndex = 0; path = "Tech Parts Debug.app"; sourceTree = BUILT_PRODUCTS_DIR; };
		BC164FE02352781800C02514 /* AppDelegate.h */ = {isa = PBXFileReference; lastKnownFileType = sourcecode.c.h; path = AppDelegate.h; sourceTree = "<group>"; };
		BC164FE12352781800C02514 /* AppDelegate.m */ = {isa = PBXFileReference; lastKnownFileType = sourcecode.c.objc; path = AppDelegate.m; sourceTree = "<group>"; };
		BC164FE32352781800C02514 /* SceneDelegate.h */ = {isa = PBXFileReference; lastKnownFileType = sourcecode.c.h; path = SceneDelegate.h; sourceTree = "<group>"; };
		BC164FE42352781800C02514 /* SceneDelegate.m */ = {isa = PBXFileReference; lastKnownFileType = sourcecode.c.objc; path = SceneDelegate.m; sourceTree = "<group>"; };
		BC164FE62352781800C02514 /* ProjectListViewController.h */ = {isa = PBXFileReference; lastKnownFileType = sourcecode.c.h; path = ProjectListViewController.h; sourceTree = "<group>"; };
		BC164FE72352781800C02514 /* ProjectListViewController.m */ = {isa = PBXFileReference; lastKnownFileType = sourcecode.c.objc; path = ProjectListViewController.m; sourceTree = "<group>"; };
		BC164FEA2352781800C02514 /* Base */ = {isa = PBXFileReference; lastKnownFileType = file.storyboard; name = Base; path = Base.lproj/Main.storyboard; sourceTree = "<group>"; };
		BC164FEC2352781900C02514 /* Assets.xcassets */ = {isa = PBXFileReference; lastKnownFileType = folder.assetcatalog; path = Assets.xcassets; sourceTree = "<group>"; };
		BC164FEF2352781900C02514 /* Base */ = {isa = PBXFileReference; lastKnownFileType = file.storyboard; name = Base; path = Base.lproj/LaunchScreen.storyboard; sourceTree = "<group>"; };
		BC164FF12352781900C02514 /* Info.plist */ = {isa = PBXFileReference; lastKnownFileType = text.plist.xml; path = Info.plist; sourceTree = "<group>"; };
		BC164FF22352781900C02514 /* main.m */ = {isa = PBXFileReference; lastKnownFileType = sourcecode.c.objc; path = main.m; sourceTree = "<group>"; };
		BC1D4D2023B6794600849E9F /* TKRoundedView.h */ = {isa = PBXFileReference; lastKnownFileType = sourcecode.c.h; path = TKRoundedView.h; sourceTree = "<group>"; };
		BC1D4D2123B6794600849E9F /* TKRoundedView.m */ = {isa = PBXFileReference; lastKnownFileType = sourcecode.c.objc; path = TKRoundedView.m; sourceTree = "<group>"; };
		BC1D4D2323B67AAB00849E9F /* TKRoundedButton.h */ = {isa = PBXFileReference; lastKnownFileType = sourcecode.c.h; path = TKRoundedButton.h; sourceTree = "<group>"; };
		BC1D4D2423B67AAB00849E9F /* TKRoundedButton.m */ = {isa = PBXFileReference; lastKnownFileType = sourcecode.c.objc; path = TKRoundedButton.m; sourceTree = "<group>"; };
		BC1D4D2623B67B7500849E9F /* Authentication.storyboard */ = {isa = PBXFileReference; lastKnownFileType = file.storyboard; path = Authentication.storyboard; sourceTree = "<group>"; };
		BC1E948D235905A800E6C329 /* MessageView.h */ = {isa = PBXFileReference; lastKnownFileType = sourcecode.c.h; path = MessageView.h; sourceTree = "<group>"; };
		BC1E948E235905A800E6C329 /* MessageView.m */ = {isa = PBXFileReference; lastKnownFileType = sourcecode.c.objc; path = MessageView.m; sourceTree = "<group>"; };
		BC1F8D74237DC3CE00C3CEBC /* parts-management-iOS.entitlements */ = {isa = PBXFileReference; lastKnownFileType = text.plist.entitlements; path = "parts-management-iOS.entitlements"; sourceTree = "<group>"; };
		BC24830E247AD56D00D810E3 /* FIRRegistrationTokenDeleting.h */ = {isa = PBXFileReference; lastKnownFileType = sourcecode.c.h; path = FIRRegistrationTokenDeleting.h; sourceTree = "<group>"; };
		BC25F75023AE845300770E16 /* FIRProjectFetching.h */ = {isa = PBXFileReference; lastKnownFileType = sourcecode.c.h; path = FIRProjectFetching.h; sourceTree = "<group>"; };
		BC25F75223AE865F00770E16 /* FIRProjectDeleting.h */ = {isa = PBXFileReference; lastKnownFileType = sourcecode.c.h; path = FIRProjectDeleting.h; sourceTree = "<group>"; };
		BC25F75323AE95F600770E16 /* FIRFileDownloading.h */ = {isa = PBXFileReference; lastKnownFileType = sourcecode.c.h; path = FIRFileDownloading.h; sourceTree = "<group>"; };
		BC25F75423AEA13600770E16 /* CADFileRepository.h */ = {isa = PBXFileReference; lastKnownFileType = sourcecode.c.h; path = CADFileRepository.h; sourceTree = "<group>"; };
		BC25F75523AEA13600770E16 /* CADFileRepository.m */ = {isa = PBXFileReference; lastKnownFileType = sourcecode.c.objc; path = CADFileRepository.m; sourceTree = "<group>"; };
		BC25F75823AEBA3F00770E16 /* UIViewController+PresentErrorAlertController.h */ = {isa = PBXFileReference; lastKnownFileType = sourcecode.c.h; path = "UIViewController+PresentErrorAlertController.h"; sourceTree = "<group>"; };
		BC25F75923AEBA3F00770E16 /* UIViewController+PresentErrorAlertController.m */ = {isa = PBXFileReference; lastKnownFileType = sourcecode.c.objc; path = "UIViewController+PresentErrorAlertController.m"; sourceTree = "<group>"; };
		BC25F75B23AEFAB300770E16 /* DesignViewerViewController.h */ = {isa = PBXFileReference; lastKnownFileType = sourcecode.c.h; path = DesignViewerViewController.h; sourceTree = "<group>"; };
		BC25F75C23AEFAB300770E16 /* DesignViewerViewController.m */ = {isa = PBXFileReference; lastKnownFileType = sourcecode.c.objc; path = DesignViewerViewController.m; sourceTree = "<group>"; };
		BC25F75E23AEFB9700770E16 /* art.scnassets */ = {isa = PBXFileReference; lastKnownFileType = wrapper.scnassets; path = art.scnassets; sourceTree = "<group>"; };
		BC25F76023AEFBD100770E16 /* SceneKit.framework */ = {isa = PBXFileReference; lastKnownFileType = wrapper.framework; name = SceneKit.framework; path = System/Library/Frameworks/SceneKit.framework; sourceTree = SDKROOT; };
		BC287EE4235CA35C00B57477 /* ProjectRepository.h */ = {isa = PBXFileReference; lastKnownFileType = sourcecode.c.h; path = ProjectRepository.h; sourceTree = "<group>"; };
		BC287EE5235CA35C00B57477 /* ProjectRepository.m */ = {isa = PBXFileReference; lastKnownFileType = sourcecode.c.objc; path = ProjectRepository.m; sourceTree = "<group>"; };
		BC28F6D3241D7AD200636F97 /* SettingsTableViewController.h */ = {isa = PBXFileReference; lastKnownFileType = sourcecode.c.h; path = SettingsTableViewController.h; sourceTree = "<group>"; };
		BC28F6D4241D7AD200636F97 /* SettingsTableViewController.m */ = {isa = PBXFileReference; lastKnownFileType = sourcecode.c.objc; path = SettingsTableViewController.m; sourceTree = "<group>"; };
		BC28F6D6241D7AE300636F97 /* Setting.storyboard */ = {isa = PBXFileReference; lastKnownFileType = file.storyboard; path = Setting.storyboard; sourceTree = "<group>"; };
		BC28F6D9241D7D5700636F97 /* BottomNavigationViewController.h */ = {isa = PBXFileReference; lastKnownFileType = sourcecode.c.h; path = BottomNavigationViewController.h; sourceTree = "<group>"; };
		BC28F6DA241D7D5700636F97 /* BottomNavigationViewController.m */ = {isa = PBXFileReference; lastKnownFileType = sourcecode.c.objc; path = BottomNavigationViewController.m; sourceTree = "<group>"; };
		BC28F6DC241D84F600636F97 /* TKImageView.h */ = {isa = PBXFileReference; lastKnownFileType = sourcecode.c.h; path = TKImageView.h; sourceTree = "<group>"; };
		BC28F6DD241D84F600636F97 /* TKImageView.m */ = {isa = PBXFileReference; lastKnownFileType = sourcecode.c.objc; path = TKImageView.m; sourceTree = "<group>"; };
		BC28F6E0241DC96D00636F97 /* SessionController.h */ = {isa = PBXFileReference; lastKnownFileType = sourcecode.c.h; path = SessionController.h; sourceTree = "<group>"; };
		BC28F6E1241DC96D00636F97 /* SessionController.m */ = {isa = PBXFileReference; lastKnownFileType = sourcecode.c.objc; path = SessionController.m; sourceTree = "<group>"; };
		BC28F6E6241DCE8700636F97 /* FIRUserDeleting.h */ = {isa = PBXFileReference; lastKnownFileType = sourcecode.c.h; path = FIRUserDeleting.h; sourceTree = "<group>"; };
		BC28F6E7241DEF4100636F97 /* TKViewControllerFactoryImpl.h */ = {isa = PBXFileReference; lastKnownFileType = sourcecode.c.h; path = TKViewControllerFactoryImpl.h; sourceTree = "<group>"; };
		BC28F6E8241DEF4100636F97 /* TKViewControllerFactoryImpl.m */ = {isa = PBXFileReference; lastKnownFileType = sourcecode.c.objc; path = TKViewControllerFactoryImpl.m; sourceTree = "<group>"; };
		BC28F6EA241DF04A00636F97 /* TKViewControllerFactory.h */ = {isa = PBXFileReference; lastKnownFileType = sourcecode.c.h; path = TKViewControllerFactory.h; sourceTree = "<group>"; };
		BC28F6EC241DF3A900636F97 /* AppDependencyContainer.h */ = {isa = PBXFileReference; lastKnownFileType = sourcecode.c.h; path = AppDependencyContainer.h; sourceTree = "<group>"; };
		BC28F6ED241DF3A900636F97 /* AppDependencyContainer.m */ = {isa = PBXFileReference; lastKnownFileType = sourcecode.c.objc; path = AppDependencyContainer.m; sourceTree = "<group>"; };
		BC2DD175247F5427006A7B47 /* StartupController.h */ = {isa = PBXFileReference; lastKnownFileType = sourcecode.c.h; path = StartupController.h; sourceTree = "<group>"; };
		BC2DD176247F5427006A7B47 /* StartupController.m */ = {isa = PBXFileReference; lastKnownFileType = sourcecode.c.objc; path = StartupController.m; sourceTree = "<group>"; };
		BC410CC42478FBC8003F7EC0 /* NotificationsController.h */ = {isa = PBXFileReference; lastKnownFileType = sourcecode.c.h; path = NotificationsController.h; sourceTree = "<group>"; };
		BC410CC52478FBC8003F7EC0 /* NotificationsController.m */ = {isa = PBXFileReference; lastKnownFileType = sourcecode.c.objc; path = NotificationsController.m; sourceTree = "<group>"; };
		BC4D371D24D719D200D57662 /* GoogleService-Info.plist */ = {isa = PBXFileReference; fileEncoding = 4; lastKnownFileType = text.plist.xml; path = "GoogleService-Info.plist"; sourceTree = "<group>"; };
		BC4E674523AF155B007E284A /* FileSize.h */ = {isa = PBXFileReference; lastKnownFileType = sourcecode.c.h; path = FileSize.h; sourceTree = "<group>"; };
		BC4E674623AF155B007E284A /* FileSize.m */ = {isa = PBXFileReference; lastKnownFileType = sourcecode.c.objc; path = FileSize.m; sourceTree = "<group>"; };
		BC4E674923AF1A33007E284A /* Reachability.h */ = {isa = PBXFileReference; lastKnownFileType = sourcecode.c.h; path = Reachability.h; sourceTree = "<group>"; };
		BC4E674A23AF1A33007E284A /* Reachability.m */ = {isa = PBXFileReference; lastKnownFileType = sourcecode.c.objc; path = Reachability.m; sourceTree = "<group>"; };
		BC4E675323AF4408007E284A /* Pluralization.stringsdict */ = {isa = PBXFileReference; lastKnownFileType = text.plist.stringsdict; path = Pluralization.stringsdict; sourceTree = "<group>"; };
		BC5E8EA823B3DC040043A0E7 /* FIRAssemblyDeleting.h */ = {isa = PBXFileReference; lastKnownFileType = sourcecode.c.h; path = FIRAssemblyDeleting.h; sourceTree = "<group>"; };
		BC5E8EA923B407810043A0E7 /* AssemblyDetail.storyboard */ = {isa = PBXFileReference; lastKnownFileType = file.storyboard; path = AssemblyDetail.storyboard; sourceTree = "<group>"; };
		BC5E8EAB23B40AA10043A0E7 /* AssemblyDetailViewController.h */ = {isa = PBXFileReference; lastKnownFileType = sourcecode.c.h; path = AssemblyDetailViewController.h; sourceTree = "<group>"; };
		BC5E8EAC23B40AA10043A0E7 /* AssemblyDetailViewController.m */ = {isa = PBXFileReference; lastKnownFileType = sourcecode.c.objc; path = AssemblyDetailViewController.m; sourceTree = "<group>"; };
		BC5E8EAE23B447640043A0E7 /* AssemblyInformationTableViewController.h */ = {isa = PBXFileReference; lastKnownFileType = sourcecode.c.h; path = AssemblyInformationTableViewController.h; sourceTree = "<group>"; };
		BC5E8EAF23B447640043A0E7 /* AssemblyInformationTableViewController.m */ = {isa = PBXFileReference; lastKnownFileType = sourcecode.c.objc; path = AssemblyInformationTableViewController.m; sourceTree = "<group>"; };
		BC676472235D056B00500BF6 /* CreateProjectTableViewController.h */ = {isa = PBXFileReference; lastKnownFileType = sourcecode.c.h; path = CreateProjectTableViewController.h; sourceTree = "<group>"; };
		BC676473235D056B00500BF6 /* CreateProjectTableViewController.m */ = {isa = PBXFileReference; lastKnownFileType = sourcecode.c.objc; path = CreateProjectTableViewController.m; sourceTree = "<group>"; };
		BC676475235D2F1700500BF6 /* FIRDocumentSerializable.h */ = {isa = PBXFileReference; lastKnownFileType = sourcecode.c.h; path = FIRDocumentSerializable.h; sourceTree = "<group>"; };
		BC676476235D326500500BF6 /* FIRProjectCreating.h */ = {isa = PBXFileReference; lastKnownFileType = sourcecode.c.h; path = FIRProjectCreating.h; sourceTree = "<group>"; };
		BC676478235D349B00500BF6 /* UITableView+BackgroundView.h */ = {isa = PBXFileReference; lastKnownFileType = sourcecode.c.h; path = "UITableView+BackgroundView.h"; sourceTree = "<group>"; };
		BC676479235D349B00500BF6 /* UITableView+BackgroundView.m */ = {isa = PBXFileReference; lastKnownFileType = sourcecode.c.objc; path = "UITableView+BackgroundView.m"; sourceTree = "<group>"; };
		BC6905B123AC82950010CFCC /* Colors.xcassets */ = {isa = PBXFileReference; lastKnownFileType = folder.assetcatalog; path = Colors.xcassets; sourceTree = "<group>"; };
		BC6AA8AF24AD3011005B966A /* SignUpProcessCompletionViewController.h */ = {isa = PBXFileReference; lastKnownFileType = sourcecode.c.h; path = SignUpProcessCompletionViewController.h; sourceTree = "<group>"; };
		BC6AA8B024AD3011005B966A /* SignUpProcessCompletionViewController.m */ = {isa = PBXFileReference; lastKnownFileType = sourcecode.c.objc; path = SignUpProcessCompletionViewController.m; sourceTree = "<group>"; };
		BC6EB4E624B16E1B00609636 /* LocalStrategy.h */ = {isa = PBXFileReference; lastKnownFileType = sourcecode.c.h; path = LocalStrategy.h; sourceTree = "<group>"; };
		BC6EB4E724B16E2C00609636 /* RemoteStrategy.h */ = {isa = PBXFileReference; lastKnownFileType = sourcecode.c.h; path = RemoteStrategy.h; sourceTree = "<group>"; };
		BC72370523B85BBD0055A6CE /* ForgotPasswordViewController.h */ = {isa = PBXFileReference; lastKnownFileType = sourcecode.c.h; path = ForgotPasswordViewController.h; sourceTree = "<group>"; };
		BC72370623B85BBD0055A6CE /* ForgotPasswordViewController.m */ = {isa = PBXFileReference; lastKnownFileType = sourcecode.c.objc; path = ForgotPasswordViewController.m; sourceTree = "<group>"; };
		BC766E36235CAF33002FEDA0 /* JSONObjectPayload.h */ = {isa = PBXFileReference; lastKnownFileType = sourcecode.c.h; path = JSONObjectPayload.h; sourceTree = "<group>"; };
		BC766E37235CB6DF002FEDA0 /* ProjectDataSourceDelegate.h */ = {isa = PBXFileReference; lastKnownFileType = sourcecode.c.h; path = ProjectDataSourceDelegate.h; sourceTree = "<group>"; };
		BC766E38235CB9DD002FEDA0 /* ProjectDetail.storyboard */ = {isa = PBXFileReference; lastKnownFileType = file.storyboard; path = ProjectDetail.storyboard; sourceTree = "<group>"; };
		BC766E3A235CBC86002FEDA0 /* ProjectInformationTableViewController.h */ = {isa = PBXFileReference; lastKnownFileType = sourcecode.c.h; path = ProjectInformationTableViewController.h; sourceTree = "<group>"; };
		BC766E3B235CBC86002FEDA0 /* ProjectInformationTableViewController.m */ = {isa = PBXFileReference; lastKnownFileType = sourcecode.c.objc; path = ProjectInformationTableViewController.m; sourceTree = "<group>"; };
		BC766E3F235CED3A002FEDA0 /* User.h */ = {isa = PBXFileReference; lastKnownFileType = sourcecode.c.h; path = User.h; sourceTree = "<group>"; };
		BC766E40235CED3A002FEDA0 /* User.m */ = {isa = PBXFileReference; lastKnownFileType = sourcecode.c.objc; path = User.m; sourceTree = "<group>"; };
		BC766E42235D025A002FEDA0 /* Project.storyboard */ = {isa = PBXFileReference; lastKnownFileType = file.storyboard; path = Project.storyboard; sourceTree = "<group>"; };
		BC78C18024732E98006440CA /* InfoPlist.strings */ = {isa = PBXFileReference; lastKnownFileType = text.plist.strings; path = InfoPlist.strings; sourceTree = "<group>"; };
		BC78C1A924733859006440CA /* Intents.intentdefinition */ = {isa = PBXFileReference; lastKnownFileType = file.intentdefinition; path = Intents.intentdefinition; sourceTree = "<group>"; };
		BC78C1B024733BFF006440CA /* parts-management-intents.appex */ = {isa = PBXFileReference; explicitFileType = "wrapper.app-extension"; includeInIndex = 0; path = "parts-management-intents.appex"; sourceTree = BUILT_PRODUCTS_DIR; };
		BC78C1B224733BFF006440CA /* IntentHandler.h */ = {isa = PBXFileReference; lastKnownFileType = sourcecode.c.h; path = IntentHandler.h; sourceTree = "<group>"; };
		BC78C1B324733BFF006440CA /* IntentHandler.m */ = {isa = PBXFileReference; lastKnownFileType = sourcecode.c.objc; path = IntentHandler.m; sourceTree = "<group>"; };
		BC78C1B524733BFF006440CA /* Info.plist */ = {isa = PBXFileReference; lastKnownFileType = text.plist.xml; path = Info.plist; sourceTree = "<group>"; };
		BC78C1C32473461E006440CA /* NSUserActivity+ViewWorkInProgress.h */ = {isa = PBXFileReference; lastKnownFileType = sourcecode.c.h; path = "NSUserActivity+ViewWorkInProgress.h"; sourceTree = "<group>"; };
		BC78C1C42473461E006440CA /* NSUserActivity+ViewWorkInProgress.m */ = {isa = PBXFileReference; lastKnownFileType = sourcecode.c.objc; path = "NSUserActivity+ViewWorkInProgress.m"; sourceTree = "<group>"; };
		BC78C1C9247351A1006440CA /* ViewWorkInProgresIntentHandler.h */ = {isa = PBXFileReference; lastKnownFileType = sourcecode.c.h; path = ViewWorkInProgresIntentHandler.h; sourceTree = "<group>"; };
		BC78C1CA247351A1006440CA /* ViewWorkInProgresIntentHandler.m */ = {isa = PBXFileReference; lastKnownFileType = sourcecode.c.objc; path = ViewWorkInProgresIntentHandler.m; sourceTree = "<group>"; };
		BC96345F2496922B00321A2C /* DebugConfig.xcconfig */ = {isa = PBXFileReference; lastKnownFileType = text.xcconfig; path = DebugConfig.xcconfig; sourceTree = "<group>"; };
		BC9634612496924100321A2C /* ReleaseConfig.xcconfig */ = {isa = PBXFileReference; lastKnownFileType = text.xcconfig; path = ReleaseConfig.xcconfig; sourceTree = "<group>"; };
		BC9634632496925B00321A2C /* QualityAssuranceConfig.xcconfig */ = {isa = PBXFileReference; lastKnownFileType = text.xcconfig; path = QualityAssuranceConfig.xcconfig; sourceTree = "<group>"; };
		BC9D4FFE23574D90000EF6DE /* MessageView.xib */ = {isa = PBXFileReference; lastKnownFileType = file.xib; path = MessageView.xib; sourceTree = "<group>"; };
		BCB936DC243904DC00C84EBB /* ImageCacheController.h */ = {isa = PBXFileReference; lastKnownFileType = sourcecode.c.h; path = ImageCacheController.h; sourceTree = "<group>"; };
		BCB936DD243904DC00C84EBB /* ImageCacheController.m */ = {isa = PBXFileReference; lastKnownFileType = sourcecode.c.objc; path = ImageCacheController.m; sourceTree = "<group>"; };
		BCB936DF2439056900C84EBB /* ImageCaching.h */ = {isa = PBXFileReference; lastKnownFileType = sourcecode.c.h; path = ImageCaching.h; sourceTree = "<group>"; };
		BCC0EC0A2354C6D500F5C0B9 /* Localizable.strings */ = {isa = PBXFileReference; lastKnownFileType = text.plist.strings; path = Localizable.strings; sourceTree = "<group>"; };
		BCC0EC0F2354C8B600F5C0B9 /* Project.h */ = {isa = PBXFileReference; lastKnownFileType = sourcecode.c.h; path = Project.h; sourceTree = "<group>"; };
		BCC0EC102354C8B600F5C0B9 /* Project.m */ = {isa = PBXFileReference; lastKnownFileType = sourcecode.c.objc; path = Project.m; sourceTree = "<group>"; };
		BCC0EC142354C93A00F5C0B9 /* ProjectTableViewCell.h */ = {isa = PBXFileReference; lastKnownFileType = sourcecode.c.h; path = ProjectTableViewCell.h; sourceTree = "<group>"; };
		BCC0EC152354C93A00F5C0B9 /* ProjectTableViewCell.m */ = {isa = PBXFileReference; lastKnownFileType = sourcecode.c.objc; path = ProjectTableViewCell.m; sourceTree = "<group>"; };
		BCC0EC182354CD3300F5C0B9 /* ProjectDataSource.h */ = {isa = PBXFileReference; lastKnownFileType = sourcecode.c.h; path = ProjectDataSource.h; sourceTree = "<group>"; };
		BCC0EC192354CD3300F5C0B9 /* ProjectDataSource.m */ = {isa = PBXFileReference; lastKnownFileType = sourcecode.c.objc; path = ProjectDataSource.m; sourceTree = "<group>"; };
		BCD0099123574B49005D15CB /* ProjectDetailViewController.h */ = {isa = PBXFileReference; lastKnownFileType = sourcecode.c.h; path = ProjectDetailViewController.h; sourceTree = "<group>"; };
		BCD0099223574B49005D15CB /* ProjectDetailViewController.m */ = {isa = PBXFileReference; lastKnownFileType = sourcecode.c.objc; path = ProjectDetailViewController.m; sourceTree = "<group>"; };
		BCE0CE6323B075C600B79DDB /* AssemblyListViewController.h */ = {isa = PBXFileReference; lastKnownFileType = sourcecode.c.h; path = AssemblyListViewController.h; sourceTree = "<group>"; };
		BCE0CE6423B075C600B79DDB /* AssemblyListViewController.m */ = {isa = PBXFileReference; lastKnownFileType = sourcecode.c.objc; path = AssemblyListViewController.m; sourceTree = "<group>"; };
		BCE0CE6623B076AB00B79DDB /* AssemblyDataSource.h */ = {isa = PBXFileReference; lastKnownFileType = sourcecode.c.h; path = AssemblyDataSource.h; sourceTree = "<group>"; };
		BCE0CE6723B076AB00B79DDB /* AssemblyDataSource.m */ = {isa = PBXFileReference; lastKnownFileType = sourcecode.c.objc; path = AssemblyDataSource.m; sourceTree = "<group>"; };
		BCE0CE6923B0771F00B79DDB /* AssemblyTableViewCell.h */ = {isa = PBXFileReference; lastKnownFileType = sourcecode.c.h; path = AssemblyTableViewCell.h; sourceTree = "<group>"; };
		BCE0CE6A23B0771F00B79DDB /* AssemblyTableViewCell.m */ = {isa = PBXFileReference; lastKnownFileType = sourcecode.c.objc; path = AssemblyTableViewCell.m; sourceTree = "<group>"; };
		BCE0CE6C23B07B6900B79DDB /* Assembly.h */ = {isa = PBXFileReference; lastKnownFileType = sourcecode.c.h; path = Assembly.h; sourceTree = "<group>"; };
		BCE0CE6D23B07B6900B79DDB /* Assembly.m */ = {isa = PBXFileReference; lastKnownFileType = sourcecode.c.objc; path = Assembly.m; sourceTree = "<group>"; };
		BCE2711A23B2E3CA0009BE53 /* CreateAssemblyTableViewController.h */ = {isa = PBXFileReference; lastKnownFileType = sourcecode.c.h; path = CreateAssemblyTableViewController.h; sourceTree = "<group>"; };
		BCE2711B23B2E3CA0009BE53 /* CreateAssemblyTableViewController.m */ = {isa = PBXFileReference; lastKnownFileType = sourcecode.c.objc; path = CreateAssemblyTableViewController.m; sourceTree = "<group>"; };
		BCE2711D23B2E4160009BE53 /* ProjectDetailViewControllerDelegate.h */ = {isa = PBXFileReference; lastKnownFileType = sourcecode.c.h; path = ProjectDetailViewControllerDelegate.h; sourceTree = "<group>"; };
		BCE2712123B30C030009BE53 /* ProgressPickerViewDataSource.h */ = {isa = PBXFileReference; lastKnownFileType = sourcecode.c.h; path = ProgressPickerViewDataSource.h; sourceTree = "<group>"; };
		BCE2712223B30C030009BE53 /* ProgressPickerViewDataSource.m */ = {isa = PBXFileReference; lastKnownFileType = sourcecode.c.objc; path = ProgressPickerViewDataSource.m; sourceTree = "<group>"; };
		BCE2712423B3122E0009BE53 /* FIRAssemblyCreating.h */ = {isa = PBXFileReference; lastKnownFileType = sourcecode.c.h; path = FIRAssemblyCreating.h; sourceTree = "<group>"; };
		BCE3807024A428B900390055 /* GoogleService-Info-Debug.plist */ = {isa = PBXFileReference; fileEncoding = 4; lastKnownFileType = text.plist.xml; path = "GoogleService-Info-Debug.plist"; sourceTree = "<group>"; };
		BCE3807224A42D1D00390055 /* GoogleService-Info-QualityAssurance.plist */ = {isa = PBXFileReference; fileEncoding = 4; lastKnownFileType = text.plist.xml; path = "GoogleService-Info-QualityAssurance.plist"; sourceTree = "<group>"; };
		BCE7E82E2434270F00696D18 /* ImageDownloadOperation.h */ = {isa = PBXFileReference; lastKnownFileType = sourcecode.c.h; path = ImageDownloadOperation.h; sourceTree = "<group>"; };
		BCE7E82F2434270F00696D18 /* ImageDownloadOperation.m */ = {isa = PBXFileReference; lastKnownFileType = sourcecode.c.objc; path = ImageDownloadOperation.m; sourceTree = "<group>"; };
		BCE7E83124344F7E00696D18 /* UIImageView+ReplaceImage.h */ = {isa = PBXFileReference; lastKnownFileType = sourcecode.c.h; path = "UIImageView+ReplaceImage.h"; sourceTree = "<group>"; };
		BCE7E83224344F7E00696D18 /* UIImageView+ReplaceImage.m */ = {isa = PBXFileReference; lastKnownFileType = sourcecode.c.objc; path = "UIImageView+ReplaceImage.m"; sourceTree = "<group>"; };
		BCECEFD323BA797C0005AB7E /* TKButton.h */ = {isa = PBXFileReference; lastKnownFileType = sourcecode.c.h; path = TKButton.h; sourceTree = "<group>"; };
		BCECEFD423BA797C0005AB7E /* TKButton.m */ = {isa = PBXFileReference; lastKnownFileType = sourcecode.c.objc; path = TKButton.m; sourceTree = "<group>"; };
		BCECEFD623BAB0E80005AB7E /* SignUpViewController.h */ = {isa = PBXFileReference; lastKnownFileType = sourcecode.c.h; path = SignUpViewController.h; sourceTree = "<group>"; };
		BCECEFD723BAB0E80005AB7E /* SignUpViewController.m */ = {isa = PBXFileReference; lastKnownFileType = sourcecode.c.objc; path = SignUpViewController.m; sourceTree = "<group>"; };
		BCF1EEEC23B11D160031186F /* FIRAssemblyFetching.h */ = {isa = PBXFileReference; lastKnownFileType = sourcecode.c.h; path = FIRAssemblyFetching.h; sourceTree = "<group>"; };
		BCF1EEED23B11E1A0031186F /* AssemblyRepository.h */ = {isa = PBXFileReference; lastKnownFileType = sourcecode.c.h; path = AssemblyRepository.h; sourceTree = "<group>"; };
		BCF1EEEE23B11E1A0031186F /* AssemblyRepository.m */ = {isa = PBXFileReference; lastKnownFileType = sourcecode.c.objc; path = AssemblyRepository.m; sourceTree = "<group>"; };
		BCF1EEF023B123A70031186F /* AssemblyDataSourceDelegate.h */ = {isa = PBXFileReference; lastKnownFileType = sourcecode.c.h; path = AssemblyDataSourceDelegate.h; sourceTree = "<group>"; };
		BCF5F95B24947FBA0079CBBF /* LogController.h */ = {isa = PBXFileReference; lastKnownFileType = sourcecode.c.h; path = LogController.h; sourceTree = "<group>"; };
		BCF5F95C24947FBA0079CBBF /* LogController.m */ = {isa = PBXFileReference; lastKnownFileType = sourcecode.c.objc; path = LogController.m; sourceTree = "<group>"; };
		BCF5F95E2494847C0079CBBF /* Logging.h */ = {isa = PBXFileReference; lastKnownFileType = sourcecode.c.h; path = Logging.h; sourceTree = "<group>"; };
		DB1BCC819206B93B8396001A /* Pods-parts-management-iOS.debug.xcconfig */ = {isa = PBXFileReference; includeInIndex = 1; lastKnownFileType = text.xcconfig; name = "Pods-parts-management-iOS.debug.xcconfig"; path = "Target Support Files/Pods-parts-management-iOS/Pods-parts-management-iOS.debug.xcconfig"; sourceTree = "<group>"; };
/* End PBXFileReference section */

/* Begin PBXFrameworksBuildPhase section */
		BC164FDA2352781800C02514 /* Frameworks */ = {
			isa = PBXFrameworksBuildPhase;
			buildActionMask = 2147483647;
			files = (
				BC25F76123AEFBD100770E16 /* SceneKit.framework in Frameworks */,
				2A088084B164C6AC5231F53A /* Pods_parts_management_iOS.framework in Frameworks */,
			);
			runOnlyForDeploymentPostprocessing = 0;
		};
		BC78C1AD24733BFF006440CA /* Frameworks */ = {
			isa = PBXFrameworksBuildPhase;
			buildActionMask = 2147483647;
			files = (
			);
			runOnlyForDeploymentPostprocessing = 0;
		};
/* End PBXFrameworksBuildPhase section */

/* Begin PBXGroup section */
		075657E5FA447BFD56D06CEB /* Frameworks */ = {
			isa = PBXGroup;
			children = (
				BC25F76023AEFBD100770E16 /* SceneKit.framework */,
				792D3D078A16D9651F97297F /* Pods_parts_management_iOS.framework */,
			);
			name = Frameworks;
			sourceTree = "<group>";
		};
		B9D223876E3CA53D897532AB /* Pods */ = {
			isa = PBXGroup;
			children = (
				DB1BCC819206B93B8396001A /* Pods-parts-management-iOS.debug.xcconfig */,
				591AB8CAC7EE809E00B3CA5C /* Pods-parts-management-iOS.quality assurance.xcconfig */,
				613018F6F4CC1DE85E2527DF /* Pods-parts-management-iOS.release.xcconfig */,
			);
			path = Pods;
			sourceTree = "<group>";
		};
		BC10F45523B68ABC00E0AF09 /* Projects */ = {
			isa = PBXGroup;
			children = (
				BC164FE62352781800C02514 /* ProjectListViewController.h */,
				BC164FE72352781800C02514 /* ProjectListViewController.m */,
				BC676472235D056B00500BF6 /* CreateProjectTableViewController.h */,
				BC676473235D056B00500BF6 /* CreateProjectTableViewController.m */,
				BC10F45623B68AD000E0AF09 /* Project */,
			);
			path = Projects;
			sourceTree = "<group>";
		};
		BC10F45623B68AD000E0AF09 /* Project */ = {
			isa = PBXGroup;
			children = (
				BCD0099123574B49005D15CB /* ProjectDetailViewController.h */,
				BCD0099223574B49005D15CB /* ProjectDetailViewController.m */,
				BC766E3A235CBC86002FEDA0 /* ProjectInformationTableViewController.h */,
				BC766E3B235CBC86002FEDA0 /* ProjectInformationTableViewController.m */,
			);
			path = Project;
			sourceTree = "<group>";
		};
		BC10F45723B68AE100E0AF09 /* Assemblies */ = {
			isa = PBXGroup;
			children = (
				BCE0CE6323B075C600B79DDB /* AssemblyListViewController.h */,
				BCE0CE6423B075C600B79DDB /* AssemblyListViewController.m */,
				BCE2711A23B2E3CA0009BE53 /* CreateAssemblyTableViewController.h */,
				BCE2711B23B2E3CA0009BE53 /* CreateAssemblyTableViewController.m */,
				BC10F45823B68AED00E0AF09 /* Assembly */,
			);
			path = Assemblies;
			sourceTree = "<group>";
		};
		BC10F45823B68AED00E0AF09 /* Assembly */ = {
			isa = PBXGroup;
			children = (
				BC5E8EAB23B40AA10043A0E7 /* AssemblyDetailViewController.h */,
				BC5E8EAC23B40AA10043A0E7 /* AssemblyDetailViewController.m */,
				BC5E8EAE23B447640043A0E7 /* AssemblyInformationTableViewController.h */,
				BC5E8EAF23B447640043A0E7 /* AssemblyInformationTableViewController.m */,
			);
			path = Assembly;
			sourceTree = "<group>";
		};
		BC10F45923B68AFD00E0AF09 /* Authentication */ = {
			isa = PBXGroup;
			children = (
				BC10F45A23B68B0F00E0AF09 /* SignInViewController.h */,
				BC10F45B23B68B0F00E0AF09 /* SignInViewController.m */,
				BCECEFD623BAB0E80005AB7E /* SignUpViewController.h */,
				BCECEFD723BAB0E80005AB7E /* SignUpViewController.m */,
				BC72370523B85BBD0055A6CE /* ForgotPasswordViewController.h */,
				BC72370623B85BBD0055A6CE /* ForgotPasswordViewController.m */,
				BC10F46D23B6ADF800E0AF09 /* SessionPreparationViewController.h */,
				BC10F46E23B6ADF800E0AF09 /* SessionPreparationViewController.m */,
				BC6AA8AF24AD3011005B966A /* SignUpProcessCompletionViewController.h */,
				BC6AA8B024AD3011005B966A /* SignUpProcessCompletionViewController.m */,
			);
			path = Authentication;
			sourceTree = "<group>";
		};
		BC10F45D23B6972600E0AF09 /* Other Controllers */ = {
			isa = PBXGroup;
			children = (
				BCF5F95B24947FBA0079CBBF /* LogController.h */,
				BCF5F95C24947FBA0079CBBF /* LogController.m */,
				BC2DD175247F5427006A7B47 /* StartupController.h */,
				BC2DD176247F5427006A7B47 /* StartupController.m */,
				BC28F6E0241DC96D00636F97 /* SessionController.h */,
				BC28F6E1241DC96D00636F97 /* SessionController.m */,
				BC1365CF2479848F00A4934A /* SiriShorcutsController.h */,
				BC1365D02479848F00A4934A /* SiriShorcutsController.m */,
				BCB936DC243904DC00C84EBB /* ImageCacheController.h */,
				BCB936DD243904DC00C84EBB /* ImageCacheController.m */,
				BC410CC42478FBC8003F7EC0 /* NotificationsController.h */,
				BC410CC52478FBC8003F7EC0 /* NotificationsController.m */,
				BC10F45E23B6973700E0AF09 /* AuthenticationController.h */,
				BC10F45F23B6973700E0AF09 /* AuthenticationController.m */,
				BC10F47423B6D9B700E0AF09 /* RootNavigationController.h */,
				BC10F47523B6D9B700E0AF09 /* RootNavigationController.m */,
			);
			path = "Other Controllers";
			sourceTree = "<group>";
		};
		BC164FD42352781800C02514 = {
			isa = PBXGroup;
			children = (
				BC164FDF2352781800C02514 /* parts-management-iOS */,
				BC78C1B124733BFF006440CA /* parts-management-intents */,
				BC164FDE2352781800C02514 /* Products */,
				B9D223876E3CA53D897532AB /* Pods */,
				075657E5FA447BFD56D06CEB /* Frameworks */,
			);
			sourceTree = "<group>";
		};
		BC164FDE2352781800C02514 /* Products */ = {
			isa = PBXGroup;
			children = (
				BC164FDD2352781800C02514 /* Tech Parts Debug.app */,
				BC78C1B024733BFF006440CA /* parts-management-intents.appex */,
			);
			name = Products;
			sourceTree = "<group>";
		};
		BC164FDF2352781800C02514 /* parts-management-iOS */ = {
			isa = PBXGroup;
			children = (
				BC1F8D74237DC3CE00C3CEBC /* parts-management-iOS.entitlements */,
				BC164FE02352781800C02514 /* AppDelegate.h */,
				BC164FE12352781800C02514 /* AppDelegate.m */,
				BC164FE32352781800C02514 /* SceneDelegate.h */,
				BC164FE42352781800C02514 /* SceneDelegate.m */,
				BC28F6EC241DF3A900636F97 /* AppDependencyContainer.h */,
				BC28F6ED241DF3A900636F97 /* AppDependencyContainer.m */,
				BCC0EC122354C8BB00F5C0B9 /* Models */,
				BCC0EC132354C8F900F5C0B9 /* Views */,
				BCC0EC062354C69C00F5C0B9 /* View Controllers */,
				BC10F45D23B6972600E0AF09 /* Other Controllers */,
				BC28F6EB241DF27B00636F97 /* Factories */,
				BC287EE3235CA34100B57477 /* Repositories */,
				BCC0EC172354CD0C00F5C0B9 /* Data sources */,
				BC4E674823AF1A14007E284A /* Utilities */,
				BC766E35235CAF23002FEDA0 /* Protocols */,
				BC676477235D346100500BF6 /* Extensions */,
				BCC0EC072354C6AF00F5C0B9 /* Supporting Files */,
				BC25F75E23AEFB9700770E16 /* art.scnassets */,
				BC164FEC2352781900C02514 /* Assets.xcassets */,
				BC6905B123AC82950010CFCC /* Colors.xcassets */,
				BC164FEE2352781900C02514 /* LaunchScreen.storyboard */,
				BC164FF12352781900C02514 /* Info.plist */,
				BC4D371D24D719D200D57662 /* GoogleService-Info.plist */,
				BCE3807024A428B900390055 /* GoogleService-Info-Debug.plist */,
				BCE3807224A42D1D00390055 /* GoogleService-Info-QualityAssurance.plist */,
				BC164FF22352781900C02514 /* main.m */,
			);
			path = "parts-management-iOS";
			sourceTree = "<group>";
		};
		BC287EE3235CA34100B57477 /* Repositories */ = {
			isa = PBXGroup;
			children = (
				BC10F46223B69CA300E0AF09 /* UserRepository.h */,
				BC10F46323B69CA300E0AF09 /* UserRepository.m */,
				BC287EE4235CA35C00B57477 /* ProjectRepository.h */,
				BC287EE5235CA35C00B57477 /* ProjectRepository.m */,
				BC25F75423AEA13600770E16 /* CADFileRepository.h */,
				BC25F75523AEA13600770E16 /* CADFileRepository.m */,
				BCF1EEED23B11E1A0031186F /* AssemblyRepository.h */,
				BCF1EEEE23B11E1A0031186F /* AssemblyRepository.m */,
				BC1365D22479BB3400A4934A /* RegistrationTokenRepository.h */,
				BC1365D32479BB3400A4934A /* RegistrationTokenRepository.m */,
			);
			path = Repositories;
			sourceTree = "<group>";
		};
		BC28F6D2241D7A8000636F97 /* Settings */ = {
			isa = PBXGroup;
			children = (
				BC28F6D3241D7AD200636F97 /* SettingsTableViewController.h */,
				BC28F6D4241D7AD200636F97 /* SettingsTableViewController.m */,
			);
			path = Settings;
			sourceTree = "<group>";
		};
		BC28F6D8241D7D2E00636F97 /* Main */ = {
			isa = PBXGroup;
			children = (
				BC28F6D9241D7D5700636F97 /* BottomNavigationViewController.h */,
				BC28F6DA241D7D5700636F97 /* BottomNavigationViewController.m */,
			);
			path = Main;
			sourceTree = "<group>";
		};
		BC28F6EB241DF27B00636F97 /* Factories */ = {
			isa = PBXGroup;
			children = (
				BC28F6E7241DEF4100636F97 /* TKViewControllerFactoryImpl.h */,
				BC28F6E8241DEF4100636F97 /* TKViewControllerFactoryImpl.m */,
			);
			path = Factories;
			sourceTree = "<group>";
		};
		BC4E674823AF1A14007E284A /* Utilities */ = {
			isa = PBXGroup;
			children = (
				BC051E1A23B321A300BD05C5 /* Progress.h */,
				BC051E1F23B3297100BD05C5 /* Progress.c */,
				BC10F47123B6C79200E0AF09 /* UserRole.h */,
				BC10F47223B6C79200E0AF09 /* UserRole.c */,
				BC4E674923AF1A33007E284A /* Reachability.h */,
				BC4E674A23AF1A33007E284A /* Reachability.m */,
				BCE7E82E2434270F00696D18 /* ImageDownloadOperation.h */,
				BCE7E82F2434270F00696D18 /* ImageDownloadOperation.m */,
			);
			path = Utilities;
			sourceTree = "<group>";
		};
		BC676477235D346100500BF6 /* Extensions */ = {
			isa = PBXGroup;
			children = (
				BC0811F823AB3A01008B3D47 /* NSString+Empty.h */,
				BC0811F923AB3A01008B3D47 /* NSString+Empty.m */,
				BCE7E83124344F7E00696D18 /* UIImageView+ReplaceImage.h */,
				BCE7E83224344F7E00696D18 /* UIImageView+ReplaceImage.m */,
				BC676478235D349B00500BF6 /* UITableView+BackgroundView.h */,
				BC676479235D349B00500BF6 /* UITableView+BackgroundView.m */,
				BC78C1C32473461E006440CA /* NSUserActivity+ViewWorkInProgress.h */,
				BC78C1C42473461E006440CA /* NSUserActivity+ViewWorkInProgress.m */,
				BC25F75823AEBA3F00770E16 /* UIViewController+PresentErrorAlertController.h */,
				BC25F75923AEBA3F00770E16 /* UIViewController+PresentErrorAlertController.m */,
			);
			path = Extensions;
			sourceTree = "<group>";
		};
		BC766E35235CAF23002FEDA0 /* Protocols */ = {
			isa = PBXGroup;
			children = (
				BCF5F95E2494847C0079CBBF /* Logging.h */,
				BC6EB4E624B16E1B00609636 /* LocalStrategy.h */,
				BC6EB4E724B16E2C00609636 /* RemoteStrategy.h */,
				BCB936DF2439056900C84EBB /* ImageCaching.h */,
				BC10F46623B6A0AD00E0AF09 /* FIRUserSaving.h */,
				BC28F6E6241DCE8700636F97 /* FIRUserDeleting.h */,
				BC10F46523B69CB700E0AF09 /* FIRUserFetching.h */,
				BC676476235D326500500BF6 /* FIRProjectCreating.h */,
				BC25F75223AE865F00770E16 /* FIRProjectDeleting.h */,
				BC25F75023AE845300770E16 /* FIRProjectFetching.h */,
				BCE2712423B3122E0009BE53 /* FIRAssemblyCreating.h */,
				BC5E8EA823B3DC040043A0E7 /* FIRAssemblyDeleting.h */,
				BCF1EEEC23B11D160031186F /* FIRAssemblyFetching.h */,
				BC1365D52479BBA500A4934A /* FIRRegistrationTokenSaving.h */,
				BC24830E247AD56D00D810E3 /* FIRRegistrationTokenDeleting.h */,
				BC25F75323AE95F600770E16 /* FIRFileDownloading.h */,
				BC676475235D2F1700500BF6 /* FIRDocumentSerializable.h */,
				BC28F6EA241DF04A00636F97 /* TKViewControllerFactory.h */,
				BC0B578D24DA45B700C2E961 /* SessionEnding.h */,
				BC10F47723B6DB7500E0AF09 /* RootNavigating.h */,
				BC10F46123B69C5D00E0AF09 /* UserAuthenticating.h */,
				BC0B578E24DA47A500C2E961 /* SessionUserFetching.h */,
				BC1365D62479C69E00A4934A /* NotificationsManaging.h */,
				BC1365D72479C8B600A4934A /* SiriShortcutsAuthorizationManaging.h */,
				BC1365D82479C9F200A4934A /* NotificationsAuthorizationManaging.h */,
				BC766E36235CAF33002FEDA0 /* JSONObjectPayload.h */,
				BC766E37235CB6DF002FEDA0 /* ProjectDataSourceDelegate.h */,
				BCF1EEF023B123A70031186F /* AssemblyDataSourceDelegate.h */,
				BCE2711D23B2E4160009BE53 /* ProjectDetailViewControllerDelegate.h */,
			);
			path = Protocols;
			sourceTree = "<group>";
		};
		BC78C1AB2473385F006440CA /* Siri */ = {
			isa = PBXGroup;
			children = (
				BC78C1A924733859006440CA /* Intents.intentdefinition */,
			);
			path = Siri;
			sourceTree = "<group>";
		};
		BC78C1B124733BFF006440CA /* parts-management-intents */ = {
			isa = PBXGroup;
			children = (
				BC78C1B224733BFF006440CA /* IntentHandler.h */,
				BC78C1B324733BFF006440CA /* IntentHandler.m */,
				BC78C1C9247351A1006440CA /* ViewWorkInProgresIntentHandler.h */,
				BC78C1CA247351A1006440CA /* ViewWorkInProgresIntentHandler.m */,
				BC78C1B524733BFF006440CA /* Info.plist */,
			);
			path = "parts-management-intents";
			sourceTree = "<group>";
		};
		BC96345E249691C500321A2C /* Configuration */ = {
			isa = PBXGroup;
			children = (
				BC96345F2496922B00321A2C /* DebugConfig.xcconfig */,
				BC9634612496924100321A2C /* ReleaseConfig.xcconfig */,
				BC9634632496925B00321A2C /* QualityAssuranceConfig.xcconfig */,
			);
			path = Configuration;
			sourceTree = "<group>";
		};
		BC9D4FFD23574D76000EF6DE /* XIBs */ = {
			isa = PBXGroup;
			children = (
				BC9D4FFE23574D90000EF6DE /* MessageView.xib */,
			);
			path = XIBs;
			sourceTree = "<group>";
		};
		BCC0EC062354C69C00F5C0B9 /* View Controllers */ = {
			isa = PBXGroup;
			children = (
				BC28F6D8241D7D2E00636F97 /* Main */,
				BC10F45523B68ABC00E0AF09 /* Projects */,
				BC28F6D2241D7A8000636F97 /* Settings */,
				BC10F45723B68AE100E0AF09 /* Assemblies */,
				BC10F45923B68AFD00E0AF09 /* Authentication */,
				BC25F75B23AEFAB300770E16 /* DesignViewerViewController.h */,
				BC25F75C23AEFAB300770E16 /* DesignViewerViewController.m */,
			);
			path = "View Controllers";
			sourceTree = "<group>";
		};
		BCC0EC072354C6AF00F5C0B9 /* Supporting Files */ = {
			isa = PBXGroup;
			children = (
				BC78C1AB2473385F006440CA /* Siri */,
				BC9D4FFD23574D76000EF6DE /* XIBs */,
				BCC0EC082354C6B600F5C0B9 /* Storyboards */,
				BCC0EC092354C6BF00F5C0B9 /* Localizations */,
				BC96345E249691C500321A2C /* Configuration */,
			);
			path = "Supporting Files";
			sourceTree = "<group>";
		};
		BCC0EC082354C6B600F5C0B9 /* Storyboards */ = {
			isa = PBXGroup;
			children = (
				BC164FE92352781800C02514 /* Main.storyboard */,
				BC766E42235D025A002FEDA0 /* Project.storyboard */,
				BC28F6D6241D7AE300636F97 /* Setting.storyboard */,
				BC766E38235CB9DD002FEDA0 /* ProjectDetail.storyboard */,
				BC5E8EA923B407810043A0E7 /* AssemblyDetail.storyboard */,
				BC1D4D2623B67B7500849E9F /* Authentication.storyboard */,
			);
			path = Storyboards;
			sourceTree = "<group>";
		};
		BCC0EC092354C6BF00F5C0B9 /* Localizations */ = {
			isa = PBXGroup;
			children = (
				BC78C18024732E98006440CA /* InfoPlist.strings */,
				BCC0EC0A2354C6D500F5C0B9 /* Localizable.strings */,
				BC4E675323AF4408007E284A /* Pluralization.stringsdict */,
			);
			path = Localizations;
			sourceTree = "<group>";
		};
		BCC0EC122354C8BB00F5C0B9 /* Models */ = {
			isa = PBXGroup;
			children = (
				BC766E3F235CED3A002FEDA0 /* User.h */,
				BC766E40235CED3A002FEDA0 /* User.m */,
				BCC0EC0F2354C8B600F5C0B9 /* Project.h */,
				BCC0EC102354C8B600F5C0B9 /* Project.m */,
				BC4E674523AF155B007E284A /* FileSize.h */,
				BC4E674623AF155B007E284A /* FileSize.m */,
				BCE0CE6C23B07B6900B79DDB /* Assembly.h */,
				BCE0CE6D23B07B6900B79DDB /* Assembly.m */,
			);
			path = Models;
			sourceTree = "<group>";
		};
		BCC0EC132354C8F900F5C0B9 /* Views */ = {
			isa = PBXGroup;
			children = (
				BCECEFD323BA797C0005AB7E /* TKButton.h */,
				BCECEFD423BA797C0005AB7E /* TKButton.m */,
				BC1E948D235905A800E6C329 /* MessageView.h */,
				BC1E948E235905A800E6C329 /* MessageView.m */,
				BC28F6DC241D84F600636F97 /* TKImageView.h */,
				BC28F6DD241D84F600636F97 /* TKImageView.m */,
				BC1D4D2023B6794600849E9F /* TKRoundedView.h */,
				BC1D4D2123B6794600849E9F /* TKRoundedView.m */,
				BC1D4D2323B67AAB00849E9F /* TKRoundedButton.h */,
				BC1D4D2423B67AAB00849E9F /* TKRoundedButton.m */,
				BCC0EC142354C93A00F5C0B9 /* ProjectTableViewCell.h */,
				BCC0EC152354C93A00F5C0B9 /* ProjectTableViewCell.m */,
				BCE0CE6923B0771F00B79DDB /* AssemblyTableViewCell.h */,
				BCE0CE6A23B0771F00B79DDB /* AssemblyTableViewCell.m */,
			);
			path = Views;
			sourceTree = "<group>";
		};
		BCC0EC172354CD0C00F5C0B9 /* Data sources */ = {
			isa = PBXGroup;
			children = (
				BCC0EC182354CD3300F5C0B9 /* ProjectDataSource.h */,
				BCC0EC192354CD3300F5C0B9 /* ProjectDataSource.m */,
				BCE0CE6623B076AB00B79DDB /* AssemblyDataSource.h */,
				BCE0CE6723B076AB00B79DDB /* AssemblyDataSource.m */,
				BCE2712123B30C030009BE53 /* ProgressPickerViewDataSource.h */,
				BCE2712223B30C030009BE53 /* ProgressPickerViewDataSource.m */,
			);
			path = "Data sources";
			sourceTree = "<group>";
		};
/* End PBXGroup section */

/* Begin PBXNativeTarget section */
		BC164FDC2352781800C02514 /* parts-management-iOS */ = {
			isa = PBXNativeTarget;
			buildConfigurationList = BC164FF62352781900C02514 /* Build configuration list for PBXNativeTarget "parts-management-iOS" */;
			buildPhases = (
				A8B0D09143CFE2AE877CB60B /* [CP] Check Pods Manifest.lock */,
				BC164FD92352781800C02514 /* Sources */,
				BC164FDA2352781800C02514 /* Frameworks */,
				BC164FDB2352781800C02514 /* Resources */,
				BC78C1BC24733BFF006440CA /* Embed App Extensions */,
				758148F8218B1177BB917226 /* [CP] Embed Pods Frameworks */,
			);
			buildRules = (
			);
			dependencies = (
				BC78C1B724733BFF006440CA /* PBXTargetDependency */,
			);
			name = "parts-management-iOS";
			productName = "parts-management-iOS";
			productReference = BC164FDD2352781800C02514 /* Tech Parts Debug.app */;
			productType = "com.apple.product-type.application";
		};
		BC78C1AF24733BFF006440CA /* parts-management-intents */ = {
			isa = PBXNativeTarget;
			buildConfigurationList = BC78C1B924733BFF006440CA /* Build configuration list for PBXNativeTarget "parts-management-intents" */;
			buildPhases = (
				BC78C1AC24733BFF006440CA /* Sources */,
				BC78C1AD24733BFF006440CA /* Frameworks */,
				BC78C1AE24733BFF006440CA /* Resources */,
			);
			buildRules = (
			);
			dependencies = (
			);
			name = "parts-management-intents";
			productName = "parts-management-intents";
			productReference = BC78C1B024733BFF006440CA /* parts-management-intents.appex */;
			productType = "com.apple.product-type.app-extension";
		};
/* End PBXNativeTarget section */

/* Begin PBXProject section */
		BC164FD52352781800C02514 /* Project object */ = {
			isa = PBXProject;
			attributes = {
				LastUpgradeCheck = 1110;
				ORGANIZATIONNAME = "Anas Merbouh";
				TargetAttributes = {
					BC164FDC2352781800C02514 = {
						CreatedOnToolsVersion = 11.1;
					};
					BC78C1AF24733BFF006440CA = {
						CreatedOnToolsVersion = 11.4.1;
					};
				};
			};
			buildConfigurationList = BC164FD82352781800C02514 /* Build configuration list for PBXProject "parts-management-iOS" */;
			compatibilityVersion = "Xcode 9.3";
			developmentRegion = en;
			hasScannedForEncodings = 0;
			knownRegions = (
				en,
				Base,
			);
			mainGroup = BC164FD42352781800C02514;
			productRefGroup = BC164FDE2352781800C02514 /* Products */;
			projectDirPath = "";
			projectRoot = "";
			targets = (
				BC164FDC2352781800C02514 /* parts-management-iOS */,
				BC78C1AF24733BFF006440CA /* parts-management-intents */,
			);
		};
/* End PBXProject section */

/* Begin PBXResourcesBuildPhase section */
		BC164FDB2352781800C02514 /* Resources */ = {
			isa = PBXResourcesBuildPhase;
			buildActionMask = 2147483647;
			files = (
				BC6905B223AC82950010CFCC /* Colors.xcassets in Resources */,
				BC78C18124732E98006440CA /* InfoPlist.strings in Resources */,
				BC766E43235D025A002FEDA0 /* Project.storyboard in Resources */,
				BCE3807124A428B900390055 /* GoogleService-Info-Debug.plist in Resources */,
				BC1D4D2723B67B7500849E9F /* Authentication.storyboard in Resources */,
				BC766E39235CB9DD002FEDA0 /* ProjectDetail.storyboard in Resources */,
				BC164FF02352781900C02514 /* LaunchScreen.storyboard in Resources */,
				BCC0EC0B2354C6D500F5C0B9 /* Localizable.strings in Resources */,
				BC164FED2352781900C02514 /* Assets.xcassets in Resources */,
				BC164FEB2352781800C02514 /* Main.storyboard in Resources */,
				BCE3807324A42D1D00390055 /* GoogleService-Info-QualityAssurance.plist in Resources */,
				BC25F75F23AEFB9800770E16 /* art.scnassets in Resources */,
				BC4D371E24D719D200D57662 /* GoogleService-Info.plist in Resources */,
				BC9D4FFF23574D90000EF6DE /* MessageView.xib in Resources */,
				BC4E675423AF4408007E284A /* Pluralization.stringsdict in Resources */,
				BC5E8EAA23B407810043A0E7 /* AssemblyDetail.storyboard in Resources */,
				BC28F6D7241D7AE300636F97 /* Setting.storyboard in Resources */,
			);
			runOnlyForDeploymentPostprocessing = 0;
		};
		BC78C1AE24733BFF006440CA /* Resources */ = {
			isa = PBXResourcesBuildPhase;
			buildActionMask = 2147483647;
			files = (
			);
			runOnlyForDeploymentPostprocessing = 0;
		};
/* End PBXResourcesBuildPhase section */

/* Begin PBXShellScriptBuildPhase section */
		758148F8218B1177BB917226 /* [CP] Embed Pods Frameworks */ = {
			isa = PBXShellScriptBuildPhase;
			buildActionMask = 2147483647;
			files = (
			);
			inputFileListPaths = (
				"${PODS_ROOT}/Target Support Files/Pods-parts-management-iOS/Pods-parts-management-iOS-frameworks-${CONFIGURATION}-input-files.xcfilelist",
			);
			name = "[CP] Embed Pods Frameworks";
			outputFileListPaths = (
				"${PODS_ROOT}/Target Support Files/Pods-parts-management-iOS/Pods-parts-management-iOS-frameworks-${CONFIGURATION}-output-files.xcfilelist",
			);
			runOnlyForDeploymentPostprocessing = 0;
			shellPath = /bin/sh;
			shellScript = "\"${PODS_ROOT}/Target Support Files/Pods-parts-management-iOS/Pods-parts-management-iOS-frameworks.sh\"\n";
			showEnvVarsInLog = 0;
		};
		A8B0D09143CFE2AE877CB60B /* [CP] Check Pods Manifest.lock */ = {
			isa = PBXShellScriptBuildPhase;
			buildActionMask = 2147483647;
			files = (
			);
			inputFileListPaths = (
			);
			inputPaths = (
				"${PODS_PODFILE_DIR_PATH}/Podfile.lock",
				"${PODS_ROOT}/Manifest.lock",
			);
			name = "[CP] Check Pods Manifest.lock";
			outputFileListPaths = (
			);
			outputPaths = (
				"$(DERIVED_FILE_DIR)/Pods-parts-management-iOS-checkManifestLockResult.txt",
			);
			runOnlyForDeploymentPostprocessing = 0;
			shellPath = /bin/sh;
			shellScript = "diff \"${PODS_PODFILE_DIR_PATH}/Podfile.lock\" \"${PODS_ROOT}/Manifest.lock\" > /dev/null\nif [ $? != 0 ] ; then\n    # print error to STDERR\n    echo \"error: The sandbox is not in sync with the Podfile.lock. Run 'pod install' or update your CocoaPods installation.\" >&2\n    exit 1\nfi\n# This output is used by Xcode 'outputs' to avoid re-running this script phase.\necho \"SUCCESS\" > \"${SCRIPT_OUTPUT_FILE_0}\"\n";
			showEnvVarsInLog = 0;
		};
/* End PBXShellScriptBuildPhase section */

/* Begin PBXSourcesBuildPhase section */
		BC164FD92352781800C02514 /* Sources */ = {
			isa = PBXSourcesBuildPhase;
			buildActionMask = 2147483647;
			files = (
				BCE7E83324344F7E00696D18 /* UIImageView+ReplaceImage.m in Sources */,
				BC67647A235D349B00500BF6 /* UITableView+BackgroundView.m in Sources */,
				BC1E948F235905A800E6C329 /* MessageView.m in Sources */,
				BCF1EEEF23B11E1A0031186F /* AssemblyRepository.m in Sources */,
				BC28F6E9241DEF4100636F97 /* TKViewControllerFactoryImpl.m in Sources */,
				BCE0CE6B23B0771F00B79DDB /* AssemblyTableViewCell.m in Sources */,
				BC410CC62478FBC8003F7EC0 /* NotificationsController.m in Sources */,
				BC164FE82352781800C02514 /* ProjectListViewController.m in Sources */,
				BC051E2023B3297100BD05C5 /* Progress.c in Sources */,
				BCD0099323574B49005D15CB /* ProjectDetailViewController.m in Sources */,
				BCE7E8302434270F00696D18 /* ImageDownloadOperation.m in Sources */,
				BC4E674723AF155B007E284A /* FileSize.m in Sources */,
				BC25F75D23AEFAB300770E16 /* DesignViewerViewController.m in Sources */,
				BC1D4D2523B67AAB00849E9F /* TKRoundedButton.m in Sources */,
				BC10F47623B6D9B700E0AF09 /* RootNavigationController.m in Sources */,
				BC164FE22352781800C02514 /* AppDelegate.m in Sources */,
				BC164FF32352781900C02514 /* main.m in Sources */,
				BCE0CE6823B076AB00B79DDB /* AssemblyDataSource.m in Sources */,
				BC25F75623AEA13600770E16 /* CADFileRepository.m in Sources */,
				BC0811FA23AB3A01008B3D47 /* NSString+Empty.m in Sources */,
				BCE2712323B30C030009BE53 /* ProgressPickerViewDataSource.m in Sources */,
				BC051E1B23B321A300BD05C5 /* Progress.h in Sources */,
				BCB936DE243904DC00C84EBB /* ImageCacheController.m in Sources */,
				BCE2711C23B2E3CA0009BE53 /* CreateAssemblyTableViewController.m in Sources */,
				BC5E8EAD23B40AA10043A0E7 /* AssemblyDetailViewController.m in Sources */,
				BC676474235D056B00500BF6 /* CreateProjectTableViewController.m in Sources */,
				BC10F45C23B68B0F00E0AF09 /* SignInViewController.m in Sources */,
				BCC0EC1A2354CD3300F5C0B9 /* ProjectDataSource.m in Sources */,
				BC10F46023B6973700E0AF09 /* AuthenticationController.m in Sources */,
				BC766E3C235CBC86002FEDA0 /* ProjectInformationTableViewController.m in Sources */,
				BC1D4D2223B6794600849E9F /* TKRoundedView.m in Sources */,
				BC28F6E2241DC96D00636F97 /* SessionController.m in Sources */,
				BCECEFD823BAB0E80005AB7E /* SignUpViewController.m in Sources */,
				BCC0EC112354C8B600F5C0B9 /* Project.m in Sources */,
				BC10F46423B69CA300E0AF09 /* UserRepository.m in Sources */,
				BC72370723B85BBD0055A6CE /* ForgotPasswordViewController.m in Sources */,
				BCF5F95D24947FBA0079CBBF /* LogController.m in Sources */,
				BC4E674B23AF1A33007E284A /* Reachability.m in Sources */,
				BC2DD177247F5427006A7B47 /* StartupController.m in Sources */,
				BC766E41235CED3A002FEDA0 /* User.m in Sources */,
				BC25F75A23AEBA3F00770E16 /* UIViewController+PresentErrorAlertController.m in Sources */,
				BC10F46F23B6ADF800E0AF09 /* SessionPreparationViewController.m in Sources */,
				BCECEFD523BA797C0005AB7E /* TKButton.m in Sources */,
				BC5E8EB023B447640043A0E7 /* AssemblyInformationTableViewController.m in Sources */,
				BC28F6EE241DF3A900636F97 /* AppDependencyContainer.m in Sources */,
				BC78C1C52473461E006440CA /* NSUserActivity+ViewWorkInProgress.m in Sources */,
				BC164FE52352781800C02514 /* SceneDelegate.m in Sources */,
				BC1365D12479849000A4934A /* SiriShorcutsController.m in Sources */,
				BCC0EC162354C93A00F5C0B9 /* ProjectTableViewCell.m in Sources */,
				BCE0CE6E23B07B6900B79DDB /* Assembly.m in Sources */,
				BC28F6DE241D84F600636F97 /* TKImageView.m in Sources */,
				BC287EE6235CA35C00B57477 /* ProjectRepository.m in Sources */,
				BC28F6DB241D7D5700636F97 /* BottomNavigationViewController.m in Sources */,
				BC6AA8B124AD3011005B966A /* SignUpProcessCompletionViewController.m in Sources */,
				BC28F6D5241D7AD200636F97 /* SettingsTableViewController.m in Sources */,
				BC1365D42479BB3400A4934A /* RegistrationTokenRepository.m in Sources */,
				BC10F47323B6C79200E0AF09 /* UserRole.c in Sources */,
				BC78C1AA24733859006440CA /* Intents.intentdefinition in Sources */,
				BCE0CE6523B075C600B79DDB /* AssemblyListViewController.m in Sources */,
			);
			runOnlyForDeploymentPostprocessing = 0;
		};
		BC78C1AC24733BFF006440CA /* Sources */ = {
			isa = PBXSourcesBuildPhase;
			buildActionMask = 2147483647;
			files = (
				BC78C1BD24733D6A006440CA /* Intents.intentdefinition in Sources */,
				BC78C1CB247351A1006440CA /* ViewWorkInProgresIntentHandler.m in Sources */,
				BC78C1B424733BFF006440CA /* IntentHandler.m in Sources */,
			);
			runOnlyForDeploymentPostprocessing = 0;
		};
/* End PBXSourcesBuildPhase section */

/* Begin PBXTargetDependency section */
		BC78C1B724733BFF006440CA /* PBXTargetDependency */ = {
			isa = PBXTargetDependency;
			target = BC78C1AF24733BFF006440CA /* parts-management-intents */;
			targetProxy = BC78C1B624733BFF006440CA /* PBXContainerItemProxy */;
		};
/* End PBXTargetDependency section */

/* Begin PBXVariantGroup section */
		BC164FE92352781800C02514 /* Main.storyboard */ = {
			isa = PBXVariantGroup;
			children = (
				BC164FEA2352781800C02514 /* Base */,
			);
			name = Main.storyboard;
			sourceTree = "<group>";
		};
		BC164FEE2352781900C02514 /* LaunchScreen.storyboard */ = {
			isa = PBXVariantGroup;
			children = (
				BC164FEF2352781900C02514 /* Base */,
			);
			name = LaunchScreen.storyboard;
			sourceTree = "<group>";
		};
/* End PBXVariantGroup section */

/* Begin XCBuildConfiguration section */
		BC164FF42352781900C02514 /* Debug */ = {
			isa = XCBuildConfiguration;
			baseConfigurationReference = BC96345F2496922B00321A2C /* DebugConfig.xcconfig */;
			buildSettings = {
				ALWAYS_SEARCH_USER_PATHS = NO;
				CLANG_ANALYZER_NONNULL = YES;
				CLANG_ANALYZER_NUMBER_OBJECT_CONVERSION = YES_AGGRESSIVE;
				CLANG_CXX_LANGUAGE_STANDARD = "gnu++14";
				CLANG_CXX_LIBRARY = "libc++";
				CLANG_ENABLE_MODULES = YES;
				CLANG_ENABLE_OBJC_ARC = YES;
				CLANG_ENABLE_OBJC_WEAK = YES;
				CLANG_WARN_BLOCK_CAPTURE_AUTORELEASING = YES;
				CLANG_WARN_BOOL_CONVERSION = YES;
				CLANG_WARN_COMMA = YES;
				CLANG_WARN_CONSTANT_CONVERSION = YES;
				CLANG_WARN_DEPRECATED_OBJC_IMPLEMENTATIONS = YES;
				CLANG_WARN_DIRECT_OBJC_ISA_USAGE = YES_ERROR;
				CLANG_WARN_DOCUMENTATION_COMMENTS = YES;
				CLANG_WARN_EMPTY_BODY = YES;
				CLANG_WARN_ENUM_CONVERSION = YES;
				CLANG_WARN_INFINITE_RECURSION = YES;
				CLANG_WARN_INT_CONVERSION = YES;
				CLANG_WARN_NON_LITERAL_NULL_CONVERSION = YES;
				CLANG_WARN_OBJC_IMPLICIT_RETAIN_SELF = YES;
				CLANG_WARN_OBJC_LITERAL_CONVERSION = YES;
				CLANG_WARN_OBJC_ROOT_CLASS = YES_ERROR;
				CLANG_WARN_RANGE_LOOP_ANALYSIS = YES;
				CLANG_WARN_STRICT_PROTOTYPES = YES;
				CLANG_WARN_SUSPICIOUS_MOVE = YES;
				CLANG_WARN_UNGUARDED_AVAILABILITY = YES_AGGRESSIVE;
				CLANG_WARN_UNREACHABLE_CODE = YES;
				CLANG_WARN__DUPLICATE_METHOD_MATCH = YES;
				COPY_PHASE_STRIP = NO;
				DEBUG_INFORMATION_FORMAT = dwarf;
				ENABLE_STRICT_OBJC_MSGSEND = YES;
				ENABLE_TESTABILITY = YES;
				GCC_C_LANGUAGE_STANDARD = gnu11;
				GCC_DYNAMIC_NO_PIC = NO;
				GCC_NO_COMMON_BLOCKS = YES;
				GCC_OPTIMIZATION_LEVEL = 0;
				GCC_PREPROCESSOR_DEFINITIONS = (
					"DEBUG=1",
					"$(inherited)",
				);
				GCC_WARN_64_TO_32_BIT_CONVERSION = YES;
				GCC_WARN_ABOUT_RETURN_TYPE = YES_ERROR;
				GCC_WARN_UNDECLARED_SELECTOR = YES;
				GCC_WARN_UNINITIALIZED_AUTOS = YES_AGGRESSIVE;
				GCC_WARN_UNUSED_FUNCTION = YES;
				GCC_WARN_UNUSED_VARIABLE = YES;
				IPHONEOS_DEPLOYMENT_TARGET = 13.4;
				MTL_ENABLE_DEBUG_INFO = INCLUDE_SOURCE;
				MTL_FAST_MATH = YES;
				ONLY_ACTIVE_ARCH = YES;
				SDKROOT = iphoneos;
			};
			name = Debug;
		};
		BC164FF52352781900C02514 /* Release */ = {
			isa = XCBuildConfiguration;
			baseConfigurationReference = BC9634612496924100321A2C /* ReleaseConfig.xcconfig */;
			buildSettings = {
				ALWAYS_SEARCH_USER_PATHS = NO;
				CLANG_ANALYZER_NONNULL = YES;
				CLANG_ANALYZER_NUMBER_OBJECT_CONVERSION = YES_AGGRESSIVE;
				CLANG_CXX_LANGUAGE_STANDARD = "gnu++14";
				CLANG_CXX_LIBRARY = "libc++";
				CLANG_ENABLE_MODULES = YES;
				CLANG_ENABLE_OBJC_ARC = YES;
				CLANG_ENABLE_OBJC_WEAK = YES;
				CLANG_WARN_BLOCK_CAPTURE_AUTORELEASING = YES;
				CLANG_WARN_BOOL_CONVERSION = YES;
				CLANG_WARN_COMMA = YES;
				CLANG_WARN_CONSTANT_CONVERSION = YES;
				CLANG_WARN_DEPRECATED_OBJC_IMPLEMENTATIONS = YES;
				CLANG_WARN_DIRECT_OBJC_ISA_USAGE = YES_ERROR;
				CLANG_WARN_DOCUMENTATION_COMMENTS = YES;
				CLANG_WARN_EMPTY_BODY = YES;
				CLANG_WARN_ENUM_CONVERSION = YES;
				CLANG_WARN_INFINITE_RECURSION = YES;
				CLANG_WARN_INT_CONVERSION = YES;
				CLANG_WARN_NON_LITERAL_NULL_CONVERSION = YES;
				CLANG_WARN_OBJC_IMPLICIT_RETAIN_SELF = YES;
				CLANG_WARN_OBJC_LITERAL_CONVERSION = YES;
				CLANG_WARN_OBJC_ROOT_CLASS = YES_ERROR;
				CLANG_WARN_RANGE_LOOP_ANALYSIS = YES;
				CLANG_WARN_STRICT_PROTOTYPES = YES;
				CLANG_WARN_SUSPICIOUS_MOVE = YES;
				CLANG_WARN_UNGUARDED_AVAILABILITY = YES_AGGRESSIVE;
				CLANG_WARN_UNREACHABLE_CODE = YES;
				CLANG_WARN__DUPLICATE_METHOD_MATCH = YES;
				COPY_PHASE_STRIP = NO;
				DEBUG_INFORMATION_FORMAT = "dwarf-with-dsym";
				ENABLE_NS_ASSERTIONS = NO;
				ENABLE_STRICT_OBJC_MSGSEND = YES;
				GCC_C_LANGUAGE_STANDARD = gnu11;
				GCC_NO_COMMON_BLOCKS = YES;
				GCC_WARN_64_TO_32_BIT_CONVERSION = YES;
				GCC_WARN_ABOUT_RETURN_TYPE = YES_ERROR;
				GCC_WARN_UNDECLARED_SELECTOR = YES;
				GCC_WARN_UNINITIALIZED_AUTOS = YES_AGGRESSIVE;
				GCC_WARN_UNUSED_FUNCTION = YES;
				GCC_WARN_UNUSED_VARIABLE = YES;
				IPHONEOS_DEPLOYMENT_TARGET = 13.4;
				MTL_ENABLE_DEBUG_INFO = NO;
				MTL_FAST_MATH = YES;
				SDKROOT = iphoneos;
				VALIDATE_PRODUCT = YES;
			};
			name = Release;
		};
		BC164FF72352781900C02514 /* Debug */ = {
			isa = XCBuildConfiguration;
			baseConfigurationReference = DB1BCC819206B93B8396001A /* Pods-parts-management-iOS.debug.xcconfig */;
			buildSettings = {
				ASSETCATALOG_COMPILER_APPICON_NAME = AppIcon;
				CODE_SIGN_ENTITLEMENTS = "parts-management-iOS/parts-management-iOS.entitlements";
				CODE_SIGN_STYLE = Automatic;
				DEVELOPMENT_TEAM = VWKUK9SSFL;
				INFOPLIST_FILE = "parts-management-iOS/Info.plist";
				LD_RUNPATH_SEARCH_PATHS = (
					"$(inherited)",
					"@executable_path/Frameworks",
				);
				PRODUCT_BUNDLE_IDENTIFIER = "$(PRODUCT_BUNDLE_IDENTIFIER)";
				PRODUCT_NAME = "$(PRODUCT_NAME)";
				TARGETED_DEVICE_FAMILY = "1,2";
			};
			name = Debug;
		};
		BC164FF82352781900C02514 /* Release */ = {
			isa = XCBuildConfiguration;
			baseConfigurationReference = 613018F6F4CC1DE85E2527DF /* Pods-parts-management-iOS.release.xcconfig */;
			buildSettings = {
				ASSETCATALOG_COMPILER_APPICON_NAME = AppIcon;
				CODE_SIGN_ENTITLEMENTS = "parts-management-iOS/parts-management-iOS.entitlements";
				CODE_SIGN_STYLE = Automatic;
				DEVELOPMENT_TEAM = VWKUK9SSFL;
				INFOPLIST_FILE = "parts-management-iOS/Info.plist";
				LD_RUNPATH_SEARCH_PATHS = (
					"$(inherited)",
					"@executable_path/Frameworks",
				);
				PRODUCT_BUNDLE_IDENTIFIER = "$(PRODUCT_BUNDLE_IDENTIFIER)";
				PRODUCT_NAME = "$(PRODUCT_NAME)";
				TARGETED_DEVICE_FAMILY = "1,2";
			};
			name = Release;
		};
		BC78C1BA24733BFF006440CA /* Debug */ = {
			isa = XCBuildConfiguration;
			buildSettings = {
				CODE_SIGN_STYLE = Automatic;
				DEVELOPMENT_TEAM = VWKUK9SSFL;
				INFOPLIST_FILE = "parts-management-intents/Info.plist";
				IPHONEOS_DEPLOYMENT_TARGET = 13.4;
				LD_RUNPATH_SEARCH_PATHS = (
					"$(inherited)",
					"@executable_path/Frameworks",
					"@executable_path/../../Frameworks",
				);
				PRODUCT_BUNDLE_IDENTIFIER = "$(INTENT_BUNDLE_IDENTIFIER)";
				PRODUCT_NAME = "$(TARGET_NAME)";
				SKIP_INSTALL = YES;
				TARGETED_DEVICE_FAMILY = "1,2";
			};
			name = Debug;
		};
		BC78C1BB24733BFF006440CA /* Release */ = {
			isa = XCBuildConfiguration;
			buildSettings = {
				CODE_SIGN_STYLE = Automatic;
				DEVELOPMENT_TEAM = VWKUK9SSFL;
				INFOPLIST_FILE = "parts-management-intents/Info.plist";
				IPHONEOS_DEPLOYMENT_TARGET = 13.4;
				LD_RUNPATH_SEARCH_PATHS = (
					"$(inherited)",
					"@executable_path/Frameworks",
					"@executable_path/../../Frameworks",
				);
				PRODUCT_BUNDLE_IDENTIFIER = "$(INTENT_BUNDLE_IDENTIFIER)";
				PRODUCT_NAME = "$(TARGET_NAME)";
				SKIP_INSTALL = YES;
				TARGETED_DEVICE_FAMILY = "1,2";
			};
			name = Release;
		};
		BC9634652496935600321A2C /* Quality Assurance */ = {
			isa = XCBuildConfiguration;
			baseConfigurationReference = BC9634632496925B00321A2C /* QualityAssuranceConfig.xcconfig */;
			buildSettings = {
				ALWAYS_SEARCH_USER_PATHS = NO;
				CLANG_ANALYZER_NONNULL = YES;
				CLANG_ANALYZER_NUMBER_OBJECT_CONVERSION = YES_AGGRESSIVE;
				CLANG_CXX_LANGUAGE_STANDARD = "gnu++14";
				CLANG_CXX_LIBRARY = "libc++";
				CLANG_ENABLE_MODULES = YES;
				CLANG_ENABLE_OBJC_ARC = YES;
				CLANG_ENABLE_OBJC_WEAK = YES;
				CLANG_WARN_BLOCK_CAPTURE_AUTORELEASING = YES;
				CLANG_WARN_BOOL_CONVERSION = YES;
				CLANG_WARN_COMMA = YES;
				CLANG_WARN_CONSTANT_CONVERSION = YES;
				CLANG_WARN_DEPRECATED_OBJC_IMPLEMENTATIONS = YES;
				CLANG_WARN_DIRECT_OBJC_ISA_USAGE = YES_ERROR;
				CLANG_WARN_DOCUMENTATION_COMMENTS = YES;
				CLANG_WARN_EMPTY_BODY = YES;
				CLANG_WARN_ENUM_CONVERSION = YES;
				CLANG_WARN_INFINITE_RECURSION = YES;
				CLANG_WARN_INT_CONVERSION = YES;
				CLANG_WARN_NON_LITERAL_NULL_CONVERSION = YES;
				CLANG_WARN_OBJC_IMPLICIT_RETAIN_SELF = YES;
				CLANG_WARN_OBJC_LITERAL_CONVERSION = YES;
				CLANG_WARN_OBJC_ROOT_CLASS = YES_ERROR;
				CLANG_WARN_RANGE_LOOP_ANALYSIS = YES;
				CLANG_WARN_STRICT_PROTOTYPES = YES;
				CLANG_WARN_SUSPICIOUS_MOVE = YES;
				CLANG_WARN_UNGUARDED_AVAILABILITY = YES_AGGRESSIVE;
				CLANG_WARN_UNREACHABLE_CODE = YES;
				CLANG_WARN__DUPLICATE_METHOD_MATCH = YES;
				COPY_PHASE_STRIP = NO;
				DEBUG_INFORMATION_FORMAT = dwarf;
				ENABLE_STRICT_OBJC_MSGSEND = YES;
				ENABLE_TESTABILITY = YES;
				GCC_C_LANGUAGE_STANDARD = gnu11;
				GCC_DYNAMIC_NO_PIC = NO;
				GCC_NO_COMMON_BLOCKS = YES;
				GCC_OPTIMIZATION_LEVEL = 0;
				GCC_PREPROCESSOR_DEFINITIONS = (
					"DEBUG=1",
					"$(inherited)",
				);
				GCC_WARN_64_TO_32_BIT_CONVERSION = YES;
				GCC_WARN_ABOUT_RETURN_TYPE = YES_ERROR;
				GCC_WARN_UNDECLARED_SELECTOR = YES;
				GCC_WARN_UNINITIALIZED_AUTOS = YES_AGGRESSIVE;
				GCC_WARN_UNUSED_FUNCTION = YES;
				GCC_WARN_UNUSED_VARIABLE = YES;
				IPHONEOS_DEPLOYMENT_TARGET = 13.4;
				MTL_ENABLE_DEBUG_INFO = INCLUDE_SOURCE;
				MTL_FAST_MATH = YES;
				ONLY_ACTIVE_ARCH = YES;
				SDKROOT = iphoneos;
			};
			name = "Quality Assurance";
		};
		BC9634662496935600321A2C /* Quality Assurance */ = {
			isa = XCBuildConfiguration;
			baseConfigurationReference = 591AB8CAC7EE809E00B3CA5C /* Pods-parts-management-iOS.quality assurance.xcconfig */;
			buildSettings = {
				ASSETCATALOG_COMPILER_APPICON_NAME = AppIcon;
				CODE_SIGN_ENTITLEMENTS = "parts-management-iOS/parts-management-iOS.entitlements";
				CODE_SIGN_STYLE = Automatic;
				DEVELOPMENT_TEAM = VWKUK9SSFL;
				INFOPLIST_FILE = "parts-management-iOS/Info.plist";
				LD_RUNPATH_SEARCH_PATHS = (
					"$(inherited)",
					"@executable_path/Frameworks",
				);
				PRODUCT_BUNDLE_IDENTIFIER = "$(PRODUCT_BUNDLE_IDENTIFIER)";
				PRODUCT_NAME = "$(PRODUCT_NAME)";
				TARGETED_DEVICE_FAMILY = "1,2";
			};
			name = "Quality Assurance";
		};
		BC9634672496935600321A2C /* Quality Assurance */ = {
			isa = XCBuildConfiguration;
			buildSettings = {
				CODE_SIGN_STYLE = Automatic;
				DEVELOPMENT_TEAM = VWKUK9SSFL;
				INFOPLIST_FILE = "parts-management-intents/Info.plist";
				IPHONEOS_DEPLOYMENT_TARGET = 13.4;
				LD_RUNPATH_SEARCH_PATHS = (
					"$(inherited)",
					"@executable_path/Frameworks",
					"@executable_path/../../Frameworks",
				);
				PRODUCT_BUNDLE_IDENTIFIER = "$(INTENT_BUNDLE_IDENTIFIER)";
				PRODUCT_NAME = "$(TARGET_NAME)";
				SKIP_INSTALL = YES;
				TARGETED_DEVICE_FAMILY = "1,2";
			};
			name = "Quality Assurance";
		};
/* End XCBuildConfiguration section */

/* Begin XCConfigurationList section */
		BC164FD82352781800C02514 /* Build configuration list for PBXProject "parts-management-iOS" */ = {
			isa = XCConfigurationList;
			buildConfigurations = (
				BC164FF42352781900C02514 /* Debug */,
				BC9634652496935600321A2C /* Quality Assurance */,
				BC164FF52352781900C02514 /* Release */,
			);
			defaultConfigurationIsVisible = 0;
			defaultConfigurationName = Release;
		};
		BC164FF62352781900C02514 /* Build configuration list for PBXNativeTarget "parts-management-iOS" */ = {
			isa = XCConfigurationList;
			buildConfigurations = (
				BC164FF72352781900C02514 /* Debug */,
				BC9634662496935600321A2C /* Quality Assurance */,
				BC164FF82352781900C02514 /* Release */,
			);
			defaultConfigurationIsVisible = 0;
			defaultConfigurationName = Release;
		};
		BC78C1B924733BFF006440CA /* Build configuration list for PBXNativeTarget "parts-management-intents" */ = {
			isa = XCConfigurationList;
			buildConfigurations = (
				BC78C1BA24733BFF006440CA /* Debug */,
				BC9634672496935600321A2C /* Quality Assurance */,
				BC78C1BB24733BFF006440CA /* Release */,
			);
			defaultConfigurationIsVisible = 0;
			defaultConfigurationName = Release;
		};
/* End XCConfigurationList section */
	};
	rootObject = BC164FD52352781800C02514 /* Project object */;
}
